// !$*UTF8*$!
{
	archiveVersion = 1;
	classes = {
	};
	objectVersion = 46;
	objects = {

/* Begin PBXBuildFile section */
		AFEEC950AFA4001BAAD0C1EF /* Pods_AutoSportWorld.framework in Frameworks */ = {isa = PBXBuildFile; fileRef = 0E92BF53B654759E4506E36A /* Pods_AutoSportWorld.framework */; };
		CA04AAF41FFAC45500F1ACC3 /* ASWFilterService.swift in Sources */ = {isa = PBXBuildFile; fileRef = CA04AAF31FFAC45500F1ACC3 /* ASWFilterService.swift */; };
		CA04AAF61FFAC46F00F1ACC3 /* ASWFiltersModel.swift in Sources */ = {isa = PBXBuildFile; fileRef = CA04AAF51FFAC46F00F1ACC3 /* ASWFiltersModel.swift */; };
		CA04AAF91FFAD4F900F1ACC3 /* ASWFilterCell.swift in Sources */ = {isa = PBXBuildFile; fileRef = CA04AAF71FFAD4F900F1ACC3 /* ASWFilterCell.swift */; };
		CA04AAFA1FFAD4F900F1ACC3 /* ASWFilterCell.xib in Resources */ = {isa = PBXBuildFile; fileRef = CA04AAF81FFAD4F900F1ACC3 /* ASWFilterCell.xib */; };
		CA04AAFE1FFAE8A600F1ACC3 /* ASWNavigationItem.swift in Sources */ = {isa = PBXBuildFile; fileRef = CA04AAFD1FFAE8A600F1ACC3 /* ASWNavigationItem.swift */; };
		CA04AB001FFB74EA00F1ACC3 /* ASWDatabaseManager.swift in Sources */ = {isa = PBXBuildFile; fileRef = CA04AAFF1FFB74EA00F1ACC3 /* ASWDatabaseManager.swift */; };
		CA0D217D1FEDB73300CF42FF /* ASWRaceRequest.swift in Sources */ = {isa = PBXBuildFile; fileRef = CA0D217C1FEDB73300CF42FF /* ASWRaceRequest.swift */; };
		CA0D21801FEDB8E100CF42FF /* ASWRaceParser.swift in Sources */ = {isa = PBXBuildFile; fileRef = CA0D217F1FEDB8E100CF42FF /* ASWRaceParser.swift */; };
		CA0D21821FEDBCD100CF42FF /* ASWGetRaceParser.swift in Sources */ = {isa = PBXBuildFile; fileRef = CA0D21811FEDBCD100CF42FF /* ASWGetRaceParser.swift */; };
		CA0D21841FEDBDC900CF42FF /* ASWListRegionsParser.swift in Sources */ = {isa = PBXBuildFile; fileRef = CA0D21831FEDBDC900CF42FF /* ASWListRegionsParser.swift */; };
		CA0D21861FEDC08700CF42FF /* ASWListCategoryParser.swift in Sources */ = {isa = PBXBuildFile; fileRef = CA0D21851FEDC08700CF42FF /* ASWListCategoryParser.swift */; };
		CA0D21881FEDC1DB00CF42FF /* ASWRegionsRequest.swift in Sources */ = {isa = PBXBuildFile; fileRef = CA0D21871FEDC1DB00CF42FF /* ASWRegionsRequest.swift */; };
		CA0D218A1FEDC26300CF42FF /* ASWCategoriesRequest.swift in Sources */ = {isa = PBXBuildFile; fileRef = CA0D21891FEDC26300CF42FF /* ASWCategoriesRequest.swift */; };
		CA0D21911FEEB92E00CF42FF /* ASWFiltersViewController.swift in Sources */ = {isa = PBXBuildFile; fileRef = CA0D218F1FEEB92E00CF42FF /* ASWFiltersViewController.swift */; };
		CA0D21921FEEB92E00CF42FF /* ASWFiltersViewController.xib in Resources */ = {isa = PBXBuildFile; fileRef = CA0D21901FEEB92E00CF42FF /* ASWFiltersViewController.xib */; };
		CA159CB41FFD98FB00A501F4 /* ASWFullImageViewController.swift in Sources */ = {isa = PBXBuildFile; fileRef = CA159CB21FFD98FB00A501F4 /* ASWFullImageViewController.swift */; };
		CA159CB51FFD98FB00A501F4 /* ASWFullImageViewController.xib in Resources */ = {isa = PBXBuildFile; fileRef = CA159CB31FFD98FB00A501F4 /* ASWFullImageViewController.xib */; };
		CA25D5F8202528CC00FF8B88 /* ASWEventModel.swift in Sources */ = {isa = PBXBuildFile; fileRef = CA25D5F7202528CC00FF8B88 /* ASWEventModel.swift */; };
		CA25D85F1F5090E700D65B26 /* ASWAnimationManager.swift in Sources */ = {isa = PBXBuildFile; fileRef = CA25D85E1F5090E700D65B26 /* ASWAnimationManager.swift */; };
		CA25D8611F50954D00D65B26 /* ASWTabBarController.swift in Sources */ = {isa = PBXBuildFile; fileRef = CA25D8601F50954D00D65B26 /* ASWTabBarController.swift */; };
		CA27FFDB1F47404F00E0BD78 /* ASWRegistrationViewController.swift in Sources */ = {isa = PBXBuildFile; fileRef = CA27FFDA1F47404F00E0BD78 /* ASWRegistrationViewController.swift */; };
		CA2BB60C1FFB7663000C746A /* ASWUserEntity.swift in Sources */ = {isa = PBXBuildFile; fileRef = CA2BB60B1FFB7663000C746A /* ASWUserEntity.swift */; };
		CA2BB60F1FFB905B000C746A /* ASWEventViewController.swift in Sources */ = {isa = PBXBuildFile; fileRef = CA2BB60D1FFB905B000C746A /* ASWEventViewController.swift */; };
		CA2BB6101FFB905B000C746A /* ASWEventViewController.xib in Resources */ = {isa = PBXBuildFile; fileRef = CA2BB60E1FFB905B000C746A /* ASWEventViewController.xib */; };
		CA323B271F379ADA007157D4 /* AppDelegate.swift in Sources */ = {isa = PBXBuildFile; fileRef = CA323B261F379ADA007157D4 /* AppDelegate.swift */; };
		CA323B2C1F379ADA007157D4 /* Main.storyboard in Resources */ = {isa = PBXBuildFile; fileRef = CA323B2A1F379ADA007157D4 /* Main.storyboard */; };
		CA323B2E1F379ADA007157D4 /* Assets.xcassets in Resources */ = {isa = PBXBuildFile; fileRef = CA323B2D1F379ADA007157D4 /* Assets.xcassets */; };
		CA3710B11F37B72A003578E5 /* UIColor+ASWColors.swift in Sources */ = {isa = PBXBuildFile; fileRef = CA3710B01F37B72A003578E5 /* UIColor+ASWColors.swift */; };
		CA3710B31F37BC86003578E5 /* ASWBackBarButtonItem.swift in Sources */ = {isa = PBXBuildFile; fileRef = CA3710B21F37BC86003578E5 /* ASWBackBarButtonItem.swift */; };
		CA3710B71F37C357003578E5 /* UIImage+ASWImages.swift in Sources */ = {isa = PBXBuildFile; fileRef = CA3710B61F37C357003578E5 /* UIImage+ASWImages.swift */; };
		CA3710B91F37C94E003578E5 /* ASWSettingsViewController.swift in Sources */ = {isa = PBXBuildFile; fileRef = CA3710B81F37C94E003578E5 /* ASWSettingsViewController.swift */; };
		CA3710BB1F37D262003578E5 /* ASWSettingsUserDataCell.swift in Sources */ = {isa = PBXBuildFile; fileRef = CA3710BA1F37D262003578E5 /* ASWSettingsUserDataCell.swift */; };
		CA3710BD1F37D6F2003578E5 /* ASWSettingsSocialNetworkCell.swift in Sources */ = {isa = PBXBuildFile; fileRef = CA3710BC1F37D6F2003578E5 /* ASWSettingsSocialNetworkCell.swift */; };
		CA3710BF1F37D70A003578E5 /* ASWSettingsFilterCell.swift in Sources */ = {isa = PBXBuildFile; fileRef = CA3710BE1F37D70A003578E5 /* ASWSettingsFilterCell.swift */; };
		CA3ED3291FFBEBCA0026DBA6 /* ASWImageDownloader.swift in Sources */ = {isa = PBXBuildFile; fileRef = CA3ED3281FFBEBCA0026DBA6 /* ASWImageDownloader.swift */; };
		CA3ED32B1FFC21830026DBA6 /* ASWRaceEntity.swift in Sources */ = {isa = PBXBuildFile; fileRef = CA3ED32A1FFC21830026DBA6 /* ASWRaceEntity.swift */; };
		CA3ED32F1FFD11840026DBA6 /* ASWFavoriteViewController.swift in Sources */ = {isa = PBXBuildFile; fileRef = CA3ED32E1FFD11840026DBA6 /* ASWFavoriteViewController.swift */; };
		CA51D6561FE6D0AC00018CE9 /* ASWNetworkManager.swift in Sources */ = {isa = PBXBuildFile; fileRef = CA51D6551FE6D0AC00018CE9 /* ASWNetworkManager.swift */; };
		CA51D65D1FE6D77F00018CE9 /* ASWRequest.swift in Sources */ = {isa = PBXBuildFile; fileRef = CA51D65C1FE6D77F00018CE9 /* ASWRequest.swift */; };
		CA51D65F1FE6D86400018CE9 /* ASWListRacesRequest.swift in Sources */ = {isa = PBXBuildFile; fileRef = CA51D65E1FE6D86400018CE9 /* ASWListRacesRequest.swift */; };
		CA51D6621FE6E33800018CE9 /* ASWRace.swift in Sources */ = {isa = PBXBuildFile; fileRef = CA51D6611FE6E33800018CE9 /* ASWRace.swift */; };
		CA51D6641FE6E9C000018CE9 /* ASWRaceRegion.swift in Sources */ = {isa = PBXBuildFile; fileRef = CA51D6631FE6E9C000018CE9 /* ASWRaceRegion.swift */; };
		CA51D6661FE6EA5800018CE9 /* ASWRaceCategory.swift in Sources */ = {isa = PBXBuildFile; fileRef = CA51D6651FE6EA5800018CE9 /* ASWRaceCategory.swift */; };
		CA51D6681FE718A300018CE9 /* ASWListRacesParser.swift in Sources */ = {isa = PBXBuildFile; fileRef = CA51D6671FE718A300018CE9 /* ASWListRacesParser.swift */; };
		CA51D66A1FE72F5500018CE9 /* NotificationRouter.swift in Sources */ = {isa = PBXBuildFile; fileRef = CA51D6691FE72F5500018CE9 /* NotificationRouter.swift */; };
		CA584CD41F4843A30011E653 /* Calendar.storyboard in Resources */ = {isa = PBXBuildFile; fileRef = CA584CD11F4843A30011E653 /* Calendar.storyboard */; };
		CA584CD51F4843A30011E653 /* LauchScreenStoryboard.storyboard in Resources */ = {isa = PBXBuildFile; fileRef = CA584CD21F4843A30011E653 /* LauchScreenStoryboard.storyboard */; };
		CA584CD61F4843A30011E653 /* Registration.storyboard in Resources */ = {isa = PBXBuildFile; fileRef = CA584CD31F4843A30011E653 /* Registration.storyboard */; };
		CA584CD91F48440D0011E653 /* ASWRaceTypeCell.swift in Sources */ = {isa = PBXBuildFile; fileRef = CA584CD71F48440D0011E653 /* ASWRaceTypeCell.swift */; };
		CA584CDA1F48440D0011E653 /* ASWRaceTypeCell.xib in Resources */ = {isa = PBXBuildFile; fileRef = CA584CD81F48440D0011E653 /* ASWRaceTypeCell.xib */; };
		CA584CDC1F4844220011E653 /* ASWCalendarViewController.swift in Sources */ = {isa = PBXBuildFile; fileRef = CA584CDB1F4844220011E653 /* ASWCalendarViewController.swift */; };
		CA584CDF1F4886990011E653 /* ASWEmailValidator.swift in Sources */ = {isa = PBXBuildFile; fileRef = CA584CDE1F4886990011E653 /* ASWEmailValidator.swift */; };
		CA584CE11F48AD5D0011E653 /* ASWNameValidator.swift in Sources */ = {isa = PBXBuildFile; fileRef = CA584CE01F48AD5D0011E653 /* ASWNameValidator.swift */; };
		CA584CE31F48ADB30011E653 /* ASWPasswordValidator.swift in Sources */ = {isa = PBXBuildFile; fileRef = CA584CE21F48ADB30011E653 /* ASWPasswordValidator.swift */; };
		CA7150331FE5D8810058B522 /* ASWProfileViewController.swift in Sources */ = {isa = PBXBuildFile; fileRef = CA7150321FE5D8810058B522 /* ASWProfileViewController.swift */; };
		CA76A6B11F49E7AA005EA4E7 /* ASWFeedViewController.swift in Sources */ = {isa = PBXBuildFile; fileRef = CA76A6B01F49E7AA005EA4E7 /* ASWFeedViewController.swift */; };
		CA8342462046A75A0089B34B /* ModalIndicator.swift in Sources */ = {isa = PBXBuildFile; fileRef = CA8342452046A75A0089B34B /* ModalIndicator.swift */; };
		CA83978B1F43B5CF00000553 /* ASWRegionsCollectionViewDataSource.swift in Sources */ = {isa = PBXBuildFile; fileRef = CA83978A1F43B5CF00000553 /* ASWRegionsCollectionViewDataSource.swift */; };
		CA83978F1F441BCC00000553 /* ASWCollectionItem.swift in Sources */ = {isa = PBXBuildFile; fileRef = CA83978E1F441BCC00000553 /* ASWCollectionItem.swift */; };
		CA8C00401F39BAEF005CF27E /* Profile.storyboard in Resources */ = {isa = PBXBuildFile; fileRef = CA8C003F1F39BAEF005CF27E /* Profile.storyboard */; };
		CA8D11B61FFD14710009C4FF /* ASWFavoriteModel.swift in Sources */ = {isa = PBXBuildFile; fileRef = CA8D11B51FFD14710009C4FF /* ASWFavoriteModel.swift */; };
		CA9CCA361F51626D006494EB /* ASWEvent.swift in Sources */ = {isa = PBXBuildFile; fileRef = CA9CCA351F51626D006494EB /* ASWEvent.swift */; };
		CAB4EA4B1F50EE2700C35BE6 /* ASWLogInViewController.swift in Sources */ = {isa = PBXBuildFile; fileRef = CAB4EA4A1F50EE2700C35BE6 /* ASWLogInViewController.swift */; };
		CAC3DC5620447A8E00EE4F50 /* UIViewController+MainScreen.swift in Sources */ = {isa = PBXBuildFile; fileRef = CAC3DC5520447A8E00EE4F50 /* UIViewController+MainScreen.swift */; };
		CAC3DC582044907000EE4F50 /* ASWLikeRequest.swift in Sources */ = {isa = PBXBuildFile; fileRef = CAC3DC572044907000EE4F50 /* ASWLikeRequest.swift */; };
		CAC3DC5A2044930200EE4F50 /* TokenService.swift in Sources */ = {isa = PBXBuildFile; fileRef = CAC3DC592044930200EE4F50 /* TokenService.swift */; };
		CAC70E5F1F4656D50098470F /* ASWMapViewController.swift in Sources */ = {isa = PBXBuildFile; fileRef = CAC70E5E1F4656D50098470F /* ASWMapViewController.swift */; };
		CAC70E621F4701E60098470F /* ASWMapAndCalendarCell.swift in Sources */ = {isa = PBXBuildFile; fileRef = CAC70E601F4701E60098470F /* ASWMapAndCalendarCell.swift */; };
		CAC70E631F4701E60098470F /* ASWMapAndCalendarCell.xib in Resources */ = {isa = PBXBuildFile; fileRef = CAC70E611F4701E60098470F /* ASWMapAndCalendarCell.xib */; };
		CACB58411F3DE03E007E8E0B /* ASWSegueRouter.swift in Sources */ = {isa = PBXBuildFile; fileRef = CACB58401F3DE03E007E8E0B /* ASWSegueRouter.swift */; };
		CACB58441F3DFC12007E8E0B /* ASWEventCell.swift in Sources */ = {isa = PBXBuildFile; fileRef = CACB58421F3DFC12007E8E0B /* ASWEventCell.swift */; };
		CACB58451F3DFC12007E8E0B /* ASWEventCell.xib in Resources */ = {isa = PBXBuildFile; fileRef = CACB58431F3DFC12007E8E0B /* ASWEventCell.xib */; };
		CACB58471F3E06FA007E8E0B /* ASWMyEventsViewController.swift in Sources */ = {isa = PBXBuildFile; fileRef = CACB58461F3E06FA007E8E0B /* ASWMyEventsViewController.swift */; };
		CACB58501F3E8068007E8E0B /* ASWSpacingCell.swift in Sources */ = {isa = PBXBuildFile; fileRef = CACB584E1F3E8068007E8E0B /* ASWSpacingCell.swift */; };
		CACB58511F3E8068007E8E0B /* ASWSpacingCell.xib in Resources */ = {isa = PBXBuildFile; fileRef = CACB584F1F3E8068007E8E0B /* ASWSpacingCell.xib */; };
		CACB58541F3F3CF0007E8E0B /* ASWRegionCell.swift in Sources */ = {isa = PBXBuildFile; fileRef = CACB58521F3F3CF0007E8E0B /* ASWRegionCell.swift */; };
		CACB58551F3F3CF0007E8E0B /* ASWRegionCell.xib in Resources */ = {isa = PBXBuildFile; fileRef = CACB58531F3F3CF0007E8E0B /* ASWRegionCell.xib */; };
		CACB58571F3F3F93007E8E0B /* ASWChangeRegionsViewController.swift in Sources */ = {isa = PBXBuildFile; fileRef = CACB58561F3F3F93007E8E0B /* ASWChangeRegionsViewController.swift */; };
		CACB58591F3F9680007E8E0B /* ASWCollectionReusableView.swift in Sources */ = {isa = PBXBuildFile; fileRef = CACB58581F3F9680007E8E0B /* ASWCollectionReusableView.swift */; };
		CAD382FE1FFDB421000B4242 /* ASWWebViewController.swift in Sources */ = {isa = PBXBuildFile; fileRef = CAD382FC1FFDB421000B4242 /* ASWWebViewController.swift */; };
		CAD382FF1FFDB421000B4242 /* ASWWebViewController.xib in Resources */ = {isa = PBXBuildFile; fileRef = CAD382FD1FFDB421000B4242 /* ASWWebViewController.xib */; };
		CAE4E84D1F43AAFB0023CE25 /* ASWCollectionViewController.swift in Sources */ = {isa = PBXBuildFile; fileRef = CAE4E84C1F43AAFB0023CE25 /* ASWCollectionViewController.swift */; };
		CAE4E84F1F43AC3C0023CE25 /* ASWCollectionViewDataSource.swift in Sources */ = {isa = PBXBuildFile; fileRef = CAE4E84E1F43AC3C0023CE25 /* ASWCollectionViewDataSource.swift */; };
		CAF38FAE1FE6C90100535C43 /* ASWFeedModel.swift in Sources */ = {isa = PBXBuildFile; fileRef = CAF38FAD1FE6C90100535C43 /* ASWFeedModel.swift */; };
		DE153DFB202190C0009E8CC1 /* UIViewController+HideKeyboard.swift in Sources */ = {isa = PBXBuildFile; fileRef = DE153DFA202190C0009E8CC1 /* UIViewController+HideKeyboard.swift */; };
		DE31D5231FF0EDF60055AFF0 /* ASWLoginPasswordTextField.xib in Resources */ = {isa = PBXBuildFile; fileRef = DE31D5221FF0EDF60055AFF0 /* ASWLoginPasswordTextField.xib */; };
		DE31D5251FF0EE010055AFF0 /* ASWLoginPasswordTextField.swift in Sources */ = {isa = PBXBuildFile; fileRef = DE31D5241FF0EE010055AFF0 /* ASWLoginPasswordTextField.swift */; };
		DE31D5271FF0EE130055AFF0 /* ASWLoginViaEmailViewController.swift in Sources */ = {isa = PBXBuildFile; fileRef = DE31D5261FF0EE130055AFF0 /* ASWLoginViaEmailViewController.swift */; };
		DE41F3312039A33D00E63497 /* UIViewControllerWithActivityIndicator.swift in Sources */ = {isa = PBXBuildFile; fileRef = DE41F3302039A33D00E63497 /* UIViewControllerWithActivityIndicator.swift */; };
		DE41F3332039A59400E63497 /* IUViewController+NavBarSetup.swift in Sources */ = {isa = PBXBuildFile; fileRef = DE41F3322039A59400E63497 /* IUViewController+NavBarSetup.swift */; };
		DE4A2C78203ADBF700AE800C /* ASWAlertPresenter.swift in Sources */ = {isa = PBXBuildFile; fileRef = DE4A2C77203ADBF700AE800C /* ASWAlertPresenter.swift */; };
		DE6B03B2201AFBF3002BFE85 /* ASWValidateLoginRequest.swift in Sources */ = {isa = PBXBuildFile; fileRef = DE6B03B1201AFBF3002BFE85 /* ASWValidateLoginRequest.swift */; };
		DE6B03B4201B2258002BFE85 /* ASWUserInfoSendParser.swift in Sources */ = {isa = PBXBuildFile; fileRef = DE6B03B3201B2258002BFE85 /* ASWUserInfoSendParser.swift */; };
		DE6B03B6201B22A6002BFE85 /* ASWUserInfoSendRequest.swift in Sources */ = {isa = PBXBuildFile; fileRef = DE6B03B5201B22A6002BFE85 /* ASWUserInfoSendRequest.swift */; };
		DE6B03B8201B2627002BFE85 /* ASWUserInfoGetParser.swift in Sources */ = {isa = PBXBuildFile; fileRef = DE6B03B7201B2627002BFE85 /* ASWUserInfoGetParser.swift */; };
		DE6B03BA201B263B002BFE85 /* ASWUserInfoGetRequest.swift in Sources */ = {isa = PBXBuildFile; fileRef = DE6B03B9201B263B002BFE85 /* ASWUserInfoGetRequest.swift */; };
		DE6D6078203DA984003D97B7 /* ASWCalendarRacesParser.swift in Sources */ = {isa = PBXBuildFile; fileRef = DE6D6077203DA984003D97B7 /* ASWCalendarRacesParser.swift */; };
		DE6D607A203DA9F9003D97B7 /* ASWCalendarRacesRequest.swift in Sources */ = {isa = PBXBuildFile; fileRef = DE6D6079203DA9F9003D97B7 /* ASWCalendarRacesRequest.swift */; };
		DE7D180320089D7A00156FDA /* ASWViewControllersManager.swift in Sources */ = {isa = PBXBuildFile; fileRef = DE7D180220089D7A00156FDA /* ASWViewControllersManager.swift */; };
		DE7D18052008A26900156FDA /* ASWChangePasswordViewController.swift in Sources */ = {isa = PBXBuildFile; fileRef = DE7D18042008A26900156FDA /* ASWChangePasswordViewController.swift */; };
		DEA11E5C203C5E39009EBA26 /* ASWErrorView.xib in Resources */ = {isa = PBXBuildFile; fileRef = DEA11E5B203C5E39009EBA26 /* ASWErrorView.xib */; };
		DEA11E5E203C5F25009EBA26 /* ASWErrorView.swift in Sources */ = {isa = PBXBuildFile; fileRef = DEA11E5D203C5F25009EBA26 /* ASWErrorView.swift */; };
		DEA11E60203C77B0009EBA26 /* UIView+ShowASWErrorView.swift in Sources */ = {isa = PBXBuildFile; fileRef = DEA11E5F203C77B0009EBA26 /* UIView+ShowASWErrorView.swift */; };
		DEA11E68203D4C7E009EBA26 /* UIAplication+Version.swift in Sources */ = {isa = PBXBuildFile; fileRef = DEA11E67203D4C7E009EBA26 /* UIAplication+Version.swift */; };
		DEA11E6D203D7870009EBA26 /* ASWChangeUserInfoViewController.swift in Sources */ = {isa = PBXBuildFile; fileRef = DEA11E6C203D7870009EBA26 /* ASWChangeUserInfoViewController.swift */; };
		DEDC453A20073D2E00AE5B72 /* ASWActionTypeCollectionViewDataSource.swift in Sources */ = {isa = PBXBuildFile; fileRef = DEDC453720073D2D00AE5B72 /* ASWActionTypeCollectionViewDataSource.swift */; };
		DEDC453B20073D2E00AE5B72 /* ASWRaceCategoryCollectionViewDataSource.swift in Sources */ = {isa = PBXBuildFile; fileRef = DEDC453820073D2D00AE5B72 /* ASWRaceCategoryCollectionViewDataSource.swift */; };
		DEDC453C20073D2E00AE5B72 /* ASWSportTypeCollectionViewDataSource.swift in Sources */ = {isa = PBXBuildFile; fileRef = DEDC453920073D2E00AE5B72 /* ASWSportTypeCollectionViewDataSource.swift */; };
		DEDC453E20073D4000AE5B72 /* ASWRegisterAccountViewController.swift in Sources */ = {isa = PBXBuildFile; fileRef = DEDC453D20073D3F00AE5B72 /* ASWRegisterAccountViewController.swift */; };
		DEDC45432007404200AE5B72 /* UILabel+LineCounter.swift in Sources */ = {isa = PBXBuildFile; fileRef = DEDC45422007404200AE5B72 /* UILabel+LineCounter.swift */; };
		DEDC45462007405500AE5B72 /* ASWAtributedString.swift in Sources */ = {isa = PBXBuildFile; fileRef = DEDC45442007405500AE5B72 /* ASWAtributedString.swift */; };
		DEDC45472007405500AE5B72 /* ASWButtonManager.swift in Sources */ = {isa = PBXBuildFile; fileRef = DEDC45452007405500AE5B72 /* ASWButtonManager.swift */; };
		DEDC45492007408400AE5B72 /* ASWAuthParsers.swift in Sources */ = {isa = PBXBuildFile; fileRef = DEDC45482007408400AE5B72 /* ASWAuthParsers.swift */; };
		DEDC454C200740E800AE5B72 /* ASWRaceCategoryEntity.swift in Sources */ = {isa = PBXBuildFile; fileRef = DEDC454A200740E800AE5B72 /* ASWRaceCategoryEntity.swift */; };
		DEDC454D200740E800AE5B72 /* ASWRegionEntity.swift in Sources */ = {isa = PBXBuildFile; fileRef = DEDC454B200740E800AE5B72 /* ASWRegionEntity.swift */; };
		DEDC45502007415400AE5B72 /* ASWLoginRequest.swift in Sources */ = {isa = PBXBuildFile; fileRef = DEDC454E2007415400AE5B72 /* ASWLoginRequest.swift */; };
		DEDC45512007415400AE5B72 /* ASWSignupRequest.swift in Sources */ = {isa = PBXBuildFile; fileRef = DEDC454F2007415400AE5B72 /* ASWSignupRequest.swift */; };
		DEF487B91FF0E282008318BC /* ASWAboutAppViewController.swift in Sources */ = {isa = PBXBuildFile; fileRef = DEF487B71FF0E282008318BC /* ASWAboutAppViewController.swift */; };
		DEF487BA1FF0E282008318BC /* ASWDevelopersViewController.swift in Sources */ = {isa = PBXBuildFile; fileRef = DEF487B81FF0E282008318BC /* ASWDevelopersViewController.swift */; };
		DEF487BC1FF0E290008318BC /* AboutApp.storyboard in Resources */ = {isa = PBXBuildFile; fileRef = DEF487BB1FF0E28F008318BC /* AboutApp.storyboard */; };
/* End PBXBuildFile section */

/* Begin PBXFileReference section */
		0B6411D19C7BC90CE2D8272C /* Pods-AutoSportWorld.debug.xcconfig */ = {isa = PBXFileReference; includeInIndex = 1; lastKnownFileType = text.xcconfig; name = "Pods-AutoSportWorld.debug.xcconfig"; path = "Pods/Target Support Files/Pods-AutoSportWorld/Pods-AutoSportWorld.debug.xcconfig"; sourceTree = "<group>"; };
		0E92BF53B654759E4506E36A /* Pods_AutoSportWorld.framework */ = {isa = PBXFileReference; explicitFileType = wrapper.framework; includeInIndex = 0; path = Pods_AutoSportWorld.framework; sourceTree = BUILT_PRODUCTS_DIR; };
		6101D1ECC7B854873C0FFD98 /* Pods-AutoSportWorld.release.xcconfig */ = {isa = PBXFileReference; includeInIndex = 1; lastKnownFileType = text.xcconfig; name = "Pods-AutoSportWorld.release.xcconfig"; path = "Pods/Target Support Files/Pods-AutoSportWorld/Pods-AutoSportWorld.release.xcconfig"; sourceTree = "<group>"; };
		CA04AAF31FFAC45500F1ACC3 /* ASWFilterService.swift */ = {isa = PBXFileReference; lastKnownFileType = sourcecode.swift; path = ASWFilterService.swift; sourceTree = "<group>"; };
		CA04AAF51FFAC46F00F1ACC3 /* ASWFiltersModel.swift */ = {isa = PBXFileReference; lastKnownFileType = sourcecode.swift; path = ASWFiltersModel.swift; sourceTree = "<group>"; };
		CA04AAF71FFAD4F900F1ACC3 /* ASWFilterCell.swift */ = {isa = PBXFileReference; lastKnownFileType = sourcecode.swift; path = ASWFilterCell.swift; sourceTree = "<group>"; };
		CA04AAF81FFAD4F900F1ACC3 /* ASWFilterCell.xib */ = {isa = PBXFileReference; lastKnownFileType = file.xib; path = ASWFilterCell.xib; sourceTree = "<group>"; };
		CA04AAFD1FFAE8A600F1ACC3 /* ASWNavigationItem.swift */ = {isa = PBXFileReference; lastKnownFileType = sourcecode.swift; path = ASWNavigationItem.swift; sourceTree = "<group>"; };
		CA04AAFF1FFB74EA00F1ACC3 /* ASWDatabaseManager.swift */ = {isa = PBXFileReference; lastKnownFileType = sourcecode.swift; path = ASWDatabaseManager.swift; sourceTree = "<group>"; };
		CA0D217C1FEDB73300CF42FF /* ASWRaceRequest.swift */ = {isa = PBXFileReference; lastKnownFileType = sourcecode.swift; path = ASWRaceRequest.swift; sourceTree = "<group>"; };
		CA0D217F1FEDB8E100CF42FF /* ASWRaceParser.swift */ = {isa = PBXFileReference; lastKnownFileType = sourcecode.swift; path = ASWRaceParser.swift; sourceTree = "<group>"; };
		CA0D21811FEDBCD100CF42FF /* ASWGetRaceParser.swift */ = {isa = PBXFileReference; lastKnownFileType = sourcecode.swift; path = ASWGetRaceParser.swift; sourceTree = "<group>"; };
		CA0D21831FEDBDC900CF42FF /* ASWListRegionsParser.swift */ = {isa = PBXFileReference; lastKnownFileType = sourcecode.swift; path = ASWListRegionsParser.swift; sourceTree = "<group>"; };
		CA0D21851FEDC08700CF42FF /* ASWListCategoryParser.swift */ = {isa = PBXFileReference; lastKnownFileType = sourcecode.swift; path = ASWListCategoryParser.swift; sourceTree = "<group>"; };
		CA0D21871FEDC1DB00CF42FF /* ASWRegionsRequest.swift */ = {isa = PBXFileReference; lastKnownFileType = sourcecode.swift; path = ASWRegionsRequest.swift; sourceTree = "<group>"; };
		CA0D21891FEDC26300CF42FF /* ASWCategoriesRequest.swift */ = {isa = PBXFileReference; lastKnownFileType = sourcecode.swift; path = ASWCategoriesRequest.swift; sourceTree = "<group>"; };
		CA0D218F1FEEB92E00CF42FF /* ASWFiltersViewController.swift */ = {isa = PBXFileReference; lastKnownFileType = sourcecode.swift; path = ASWFiltersViewController.swift; sourceTree = "<group>"; };
		CA0D21901FEEB92E00CF42FF /* ASWFiltersViewController.xib */ = {isa = PBXFileReference; lastKnownFileType = file.xib; path = ASWFiltersViewController.xib; sourceTree = "<group>"; };
		CA159CB21FFD98FB00A501F4 /* ASWFullImageViewController.swift */ = {isa = PBXFileReference; lastKnownFileType = sourcecode.swift; path = ASWFullImageViewController.swift; sourceTree = "<group>"; };
		CA159CB31FFD98FB00A501F4 /* ASWFullImageViewController.xib */ = {isa = PBXFileReference; lastKnownFileType = file.xib; path = ASWFullImageViewController.xib; sourceTree = "<group>"; };
		CA25D5F7202528CC00FF8B88 /* ASWEventModel.swift */ = {isa = PBXFileReference; lastKnownFileType = sourcecode.swift; path = ASWEventModel.swift; sourceTree = "<group>"; };
		CA25D85E1F5090E700D65B26 /* ASWAnimationManager.swift */ = {isa = PBXFileReference; fileEncoding = 4; lastKnownFileType = sourcecode.swift; path = ASWAnimationManager.swift; sourceTree = "<group>"; };
		CA25D8601F50954D00D65B26 /* ASWTabBarController.swift */ = {isa = PBXFileReference; fileEncoding = 4; lastKnownFileType = sourcecode.swift; path = ASWTabBarController.swift; sourceTree = "<group>"; };
		CA27FFDA1F47404F00E0BD78 /* ASWRegistrationViewController.swift */ = {isa = PBXFileReference; fileEncoding = 4; lastKnownFileType = sourcecode.swift; path = ASWRegistrationViewController.swift; sourceTree = "<group>"; };
		CA2BB60B1FFB7663000C746A /* ASWUserEntity.swift */ = {isa = PBXFileReference; lastKnownFileType = sourcecode.swift; path = ASWUserEntity.swift; sourceTree = "<group>"; };
		CA2BB60D1FFB905B000C746A /* ASWEventViewController.swift */ = {isa = PBXFileReference; lastKnownFileType = sourcecode.swift; path = ASWEventViewController.swift; sourceTree = "<group>"; };
		CA2BB60E1FFB905B000C746A /* ASWEventViewController.xib */ = {isa = PBXFileReference; lastKnownFileType = file.xib; path = ASWEventViewController.xib; sourceTree = "<group>"; };
		CA323B231F379ADA007157D4 /* AutoSportWorld.app */ = {isa = PBXFileReference; explicitFileType = wrapper.application; includeInIndex = 0; path = AutoSportWorld.app; sourceTree = BUILT_PRODUCTS_DIR; };
		CA323B261F379ADA007157D4 /* AppDelegate.swift */ = {isa = PBXFileReference; lastKnownFileType = sourcecode.swift; path = AppDelegate.swift; sourceTree = "<group>"; };
		CA323B2B1F379ADA007157D4 /* Base */ = {isa = PBXFileReference; lastKnownFileType = file.storyboard; name = Base; path = Base.lproj/Main.storyboard; sourceTree = "<group>"; };
		CA323B2D1F379ADA007157D4 /* Assets.xcassets */ = {isa = PBXFileReference; lastKnownFileType = folder.assetcatalog; path = Assets.xcassets; sourceTree = "<group>"; };
		CA323B321F379ADA007157D4 /* Info.plist */ = {isa = PBXFileReference; lastKnownFileType = text.plist.xml; path = Info.plist; sourceTree = "<group>"; };
		CA3710B01F37B72A003578E5 /* UIColor+ASWColors.swift */ = {isa = PBXFileReference; fileEncoding = 4; lastKnownFileType = sourcecode.swift; path = "UIColor+ASWColors.swift"; sourceTree = "<group>"; };
		CA3710B21F37BC86003578E5 /* ASWBackBarButtonItem.swift */ = {isa = PBXFileReference; fileEncoding = 4; lastKnownFileType = sourcecode.swift; path = ASWBackBarButtonItem.swift; sourceTree = "<group>"; };
		CA3710B61F37C357003578E5 /* UIImage+ASWImages.swift */ = {isa = PBXFileReference; fileEncoding = 4; lastKnownFileType = sourcecode.swift; path = "UIImage+ASWImages.swift"; sourceTree = "<group>"; };
		CA3710B81F37C94E003578E5 /* ASWSettingsViewController.swift */ = {isa = PBXFileReference; fileEncoding = 4; lastKnownFileType = sourcecode.swift; path = ASWSettingsViewController.swift; sourceTree = "<group>"; };
		CA3710BA1F37D262003578E5 /* ASWSettingsUserDataCell.swift */ = {isa = PBXFileReference; fileEncoding = 4; lastKnownFileType = sourcecode.swift; path = ASWSettingsUserDataCell.swift; sourceTree = "<group>"; };
		CA3710BC1F37D6F2003578E5 /* ASWSettingsSocialNetworkCell.swift */ = {isa = PBXFileReference; fileEncoding = 4; lastKnownFileType = sourcecode.swift; path = ASWSettingsSocialNetworkCell.swift; sourceTree = "<group>"; };
		CA3710BE1F37D70A003578E5 /* ASWSettingsFilterCell.swift */ = {isa = PBXFileReference; fileEncoding = 4; lastKnownFileType = sourcecode.swift; path = ASWSettingsFilterCell.swift; sourceTree = "<group>"; };
		CA3ED3281FFBEBCA0026DBA6 /* ASWImageDownloader.swift */ = {isa = PBXFileReference; lastKnownFileType = sourcecode.swift; path = ASWImageDownloader.swift; sourceTree = "<group>"; };
		CA3ED32A1FFC21830026DBA6 /* ASWRaceEntity.swift */ = {isa = PBXFileReference; lastKnownFileType = sourcecode.swift; path = ASWRaceEntity.swift; sourceTree = "<group>"; };
		CA3ED32E1FFD11840026DBA6 /* ASWFavoriteViewController.swift */ = {isa = PBXFileReference; lastKnownFileType = sourcecode.swift; path = ASWFavoriteViewController.swift; sourceTree = "<group>"; };
		CA51D6551FE6D0AC00018CE9 /* ASWNetworkManager.swift */ = {isa = PBXFileReference; lastKnownFileType = sourcecode.swift; path = ASWNetworkManager.swift; sourceTree = "<group>"; };
		CA51D65C1FE6D77F00018CE9 /* ASWRequest.swift */ = {isa = PBXFileReference; lastKnownFileType = sourcecode.swift; path = ASWRequest.swift; sourceTree = "<group>"; };
		CA51D65E1FE6D86400018CE9 /* ASWListRacesRequest.swift */ = {isa = PBXFileReference; lastKnownFileType = sourcecode.swift; path = ASWListRacesRequest.swift; sourceTree = "<group>"; };
		CA51D6611FE6E33800018CE9 /* ASWRace.swift */ = {isa = PBXFileReference; lastKnownFileType = sourcecode.swift; path = ASWRace.swift; sourceTree = "<group>"; };
		CA51D6631FE6E9C000018CE9 /* ASWRaceRegion.swift */ = {isa = PBXFileReference; lastKnownFileType = sourcecode.swift; path = ASWRaceRegion.swift; sourceTree = "<group>"; };
		CA51D6651FE6EA5800018CE9 /* ASWRaceCategory.swift */ = {isa = PBXFileReference; lastKnownFileType = sourcecode.swift; path = ASWRaceCategory.swift; sourceTree = "<group>"; };
		CA51D6671FE718A300018CE9 /* ASWListRacesParser.swift */ = {isa = PBXFileReference; lastKnownFileType = sourcecode.swift; path = ASWListRacesParser.swift; sourceTree = "<group>"; };
		CA51D6691FE72F5500018CE9 /* NotificationRouter.swift */ = {isa = PBXFileReference; lastKnownFileType = sourcecode.swift; path = NotificationRouter.swift; sourceTree = "<group>"; };
		CA584CD11F4843A30011E653 /* Calendar.storyboard */ = {isa = PBXFileReference; fileEncoding = 4; lastKnownFileType = file.storyboard; path = Calendar.storyboard; sourceTree = "<group>"; };
		CA584CD21F4843A30011E653 /* LauchScreenStoryboard.storyboard */ = {isa = PBXFileReference; fileEncoding = 4; lastKnownFileType = file.storyboard; path = LauchScreenStoryboard.storyboard; sourceTree = "<group>"; };
		CA584CD31F4843A30011E653 /* Registration.storyboard */ = {isa = PBXFileReference; fileEncoding = 4; lastKnownFileType = file.storyboard; path = Registration.storyboard; sourceTree = "<group>"; };
		CA584CD71F48440D0011E653 /* ASWRaceTypeCell.swift */ = {isa = PBXFileReference; fileEncoding = 4; lastKnownFileType = sourcecode.swift; path = ASWRaceTypeCell.swift; sourceTree = "<group>"; };
		CA584CD81F48440D0011E653 /* ASWRaceTypeCell.xib */ = {isa = PBXFileReference; fileEncoding = 4; lastKnownFileType = file.xib; path = ASWRaceTypeCell.xib; sourceTree = "<group>"; };
		CA584CDB1F4844220011E653 /* ASWCalendarViewController.swift */ = {isa = PBXFileReference; fileEncoding = 4; lastKnownFileType = sourcecode.swift; path = ASWCalendarViewController.swift; sourceTree = "<group>"; };
		CA584CDE1F4886990011E653 /* ASWEmailValidator.swift */ = {isa = PBXFileReference; fileEncoding = 4; lastKnownFileType = sourcecode.swift; path = ASWEmailValidator.swift; sourceTree = "<group>"; };
		CA584CE01F48AD5D0011E653 /* ASWNameValidator.swift */ = {isa = PBXFileReference; fileEncoding = 4; lastKnownFileType = sourcecode.swift; path = ASWNameValidator.swift; sourceTree = "<group>"; };
		CA584CE21F48ADB30011E653 /* ASWPasswordValidator.swift */ = {isa = PBXFileReference; fileEncoding = 4; lastKnownFileType = sourcecode.swift; path = ASWPasswordValidator.swift; sourceTree = "<group>"; };
		CA7150321FE5D8810058B522 /* ASWProfileViewController.swift */ = {isa = PBXFileReference; lastKnownFileType = sourcecode.swift; path = ASWProfileViewController.swift; sourceTree = "<group>"; };
		CA76A6B01F49E7AA005EA4E7 /* ASWFeedViewController.swift */ = {isa = PBXFileReference; fileEncoding = 4; lastKnownFileType = sourcecode.swift; path = ASWFeedViewController.swift; sourceTree = "<group>"; };
		CA8342452046A75A0089B34B /* ModalIndicator.swift */ = {isa = PBXFileReference; lastKnownFileType = sourcecode.swift; path = ModalIndicator.swift; sourceTree = "<group>"; };
		CA83978A1F43B5CF00000553 /* ASWRegionsCollectionViewDataSource.swift */ = {isa = PBXFileReference; fileEncoding = 4; lastKnownFileType = sourcecode.swift; path = ASWRegionsCollectionViewDataSource.swift; sourceTree = "<group>"; };
		CA83978E1F441BCC00000553 /* ASWCollectionItem.swift */ = {isa = PBXFileReference; fileEncoding = 4; lastKnownFileType = sourcecode.swift; path = ASWCollectionItem.swift; sourceTree = "<group>"; };
		CA8C003F1F39BAEF005CF27E /* Profile.storyboard */ = {isa = PBXFileReference; fileEncoding = 4; lastKnownFileType = file.storyboard; path = Profile.storyboard; sourceTree = "<group>"; };
		CA8D11B51FFD14710009C4FF /* ASWFavoriteModel.swift */ = {isa = PBXFileReference; lastKnownFileType = sourcecode.swift; path = ASWFavoriteModel.swift; sourceTree = "<group>"; };
		CA9CCA351F51626D006494EB /* ASWEvent.swift */ = {isa = PBXFileReference; fileEncoding = 4; lastKnownFileType = sourcecode.swift; path = ASWEvent.swift; sourceTree = "<group>"; };
		CAB4EA4A1F50EE2700C35BE6 /* ASWLogInViewController.swift */ = {isa = PBXFileReference; fileEncoding = 4; lastKnownFileType = sourcecode.swift; path = ASWLogInViewController.swift; sourceTree = "<group>"; };
		CAC3DC5520447A8E00EE4F50 /* UIViewController+MainScreen.swift */ = {isa = PBXFileReference; lastKnownFileType = sourcecode.swift; path = "UIViewController+MainScreen.swift"; sourceTree = "<group>"; };
		CAC3DC572044907000EE4F50 /* ASWLikeRequest.swift */ = {isa = PBXFileReference; lastKnownFileType = sourcecode.swift; path = ASWLikeRequest.swift; sourceTree = "<group>"; };
		CAC3DC592044930200EE4F50 /* TokenService.swift */ = {isa = PBXFileReference; lastKnownFileType = sourcecode.swift; path = TokenService.swift; sourceTree = "<group>"; };
		CAC70E5E1F4656D50098470F /* ASWMapViewController.swift */ = {isa = PBXFileReference; fileEncoding = 4; lastKnownFileType = sourcecode.swift; path = ASWMapViewController.swift; sourceTree = "<group>"; };
		CAC70E601F4701E60098470F /* ASWMapAndCalendarCell.swift */ = {isa = PBXFileReference; fileEncoding = 4; lastKnownFileType = sourcecode.swift; path = ASWMapAndCalendarCell.swift; sourceTree = "<group>"; };
		CAC70E611F4701E60098470F /* ASWMapAndCalendarCell.xib */ = {isa = PBXFileReference; fileEncoding = 4; lastKnownFileType = file.xib; path = ASWMapAndCalendarCell.xib; sourceTree = "<group>"; };
		CACB58401F3DE03E007E8E0B /* ASWSegueRouter.swift */ = {isa = PBXFileReference; fileEncoding = 4; lastKnownFileType = sourcecode.swift; path = ASWSegueRouter.swift; sourceTree = "<group>"; };
		CACB58421F3DFC12007E8E0B /* ASWEventCell.swift */ = {isa = PBXFileReference; fileEncoding = 4; lastKnownFileType = sourcecode.swift; path = ASWEventCell.swift; sourceTree = "<group>"; };
		CACB58431F3DFC12007E8E0B /* ASWEventCell.xib */ = {isa = PBXFileReference; fileEncoding = 4; lastKnownFileType = file.xib; path = ASWEventCell.xib; sourceTree = "<group>"; };
		CACB58461F3E06FA007E8E0B /* ASWMyEventsViewController.swift */ = {isa = PBXFileReference; fileEncoding = 4; lastKnownFileType = sourcecode.swift; path = ASWMyEventsViewController.swift; sourceTree = "<group>"; };
		CACB584E1F3E8068007E8E0B /* ASWSpacingCell.swift */ = {isa = PBXFileReference; fileEncoding = 4; lastKnownFileType = sourcecode.swift; path = ASWSpacingCell.swift; sourceTree = "<group>"; };
		CACB584F1F3E8068007E8E0B /* ASWSpacingCell.xib */ = {isa = PBXFileReference; fileEncoding = 4; lastKnownFileType = file.xib; path = ASWSpacingCell.xib; sourceTree = "<group>"; };
		CACB58521F3F3CF0007E8E0B /* ASWRegionCell.swift */ = {isa = PBXFileReference; fileEncoding = 4; lastKnownFileType = sourcecode.swift; path = ASWRegionCell.swift; sourceTree = "<group>"; };
		CACB58531F3F3CF0007E8E0B /* ASWRegionCell.xib */ = {isa = PBXFileReference; fileEncoding = 4; lastKnownFileType = file.xib; path = ASWRegionCell.xib; sourceTree = "<group>"; };
		CACB58561F3F3F93007E8E0B /* ASWChangeRegionsViewController.swift */ = {isa = PBXFileReference; fileEncoding = 4; lastKnownFileType = sourcecode.swift; path = ASWChangeRegionsViewController.swift; sourceTree = "<group>"; };
		CACB58581F3F9680007E8E0B /* ASWCollectionReusableView.swift */ = {isa = PBXFileReference; fileEncoding = 4; lastKnownFileType = sourcecode.swift; path = ASWCollectionReusableView.swift; sourceTree = "<group>"; };
		CAD382FC1FFDB421000B4242 /* ASWWebViewController.swift */ = {isa = PBXFileReference; lastKnownFileType = sourcecode.swift; path = ASWWebViewController.swift; sourceTree = "<group>"; };
		CAD382FD1FFDB421000B4242 /* ASWWebViewController.xib */ = {isa = PBXFileReference; lastKnownFileType = file.xib; path = ASWWebViewController.xib; sourceTree = "<group>"; };
		CAE4E84C1F43AAFB0023CE25 /* ASWCollectionViewController.swift */ = {isa = PBXFileReference; fileEncoding = 4; lastKnownFileType = sourcecode.swift; path = ASWCollectionViewController.swift; sourceTree = "<group>"; };
		CAE4E84E1F43AC3C0023CE25 /* ASWCollectionViewDataSource.swift */ = {isa = PBXFileReference; fileEncoding = 4; lastKnownFileType = sourcecode.swift; path = ASWCollectionViewDataSource.swift; sourceTree = "<group>"; };
		CAF38FAD1FE6C90100535C43 /* ASWFeedModel.swift */ = {isa = PBXFileReference; lastKnownFileType = sourcecode.swift; path = ASWFeedModel.swift; sourceTree = "<group>"; };
		DE153DFA202190C0009E8CC1 /* UIViewController+HideKeyboard.swift */ = {isa = PBXFileReference; lastKnownFileType = sourcecode.swift; path = "UIViewController+HideKeyboard.swift"; sourceTree = "<group>"; };
		DE31D5221FF0EDF60055AFF0 /* ASWLoginPasswordTextField.xib */ = {isa = PBXFileReference; fileEncoding = 4; lastKnownFileType = file.xib; path = ASWLoginPasswordTextField.xib; sourceTree = "<group>"; };
		DE31D5241FF0EE010055AFF0 /* ASWLoginPasswordTextField.swift */ = {isa = PBXFileReference; fileEncoding = 4; lastKnownFileType = sourcecode.swift; path = ASWLoginPasswordTextField.swift; sourceTree = "<group>"; };
		DE31D5261FF0EE130055AFF0 /* ASWLoginViaEmailViewController.swift */ = {isa = PBXFileReference; fileEncoding = 4; lastKnownFileType = sourcecode.swift; path = ASWLoginViaEmailViewController.swift; sourceTree = "<group>"; };
		DE41F3302039A33D00E63497 /* UIViewControllerWithActivityIndicator.swift */ = {isa = PBXFileReference; lastKnownFileType = sourcecode.swift; path = UIViewControllerWithActivityIndicator.swift; sourceTree = "<group>"; };
		DE41F3322039A59400E63497 /* IUViewController+NavBarSetup.swift */ = {isa = PBXFileReference; lastKnownFileType = sourcecode.swift; path = "IUViewController+NavBarSetup.swift"; sourceTree = "<group>"; };
		DE4A2C77203ADBF700AE800C /* ASWAlertPresenter.swift */ = {isa = PBXFileReference; lastKnownFileType = sourcecode.swift; path = ASWAlertPresenter.swift; sourceTree = "<group>"; };
		DE6B03B1201AFBF3002BFE85 /* ASWValidateLoginRequest.swift */ = {isa = PBXFileReference; lastKnownFileType = sourcecode.swift; path = ASWValidateLoginRequest.swift; sourceTree = "<group>"; };
		DE6B03B3201B2258002BFE85 /* ASWUserInfoSendParser.swift */ = {isa = PBXFileReference; lastKnownFileType = sourcecode.swift; path = ASWUserInfoSendParser.swift; sourceTree = "<group>"; };
		DE6B03B5201B22A6002BFE85 /* ASWUserInfoSendRequest.swift */ = {isa = PBXFileReference; lastKnownFileType = sourcecode.swift; path = ASWUserInfoSendRequest.swift; sourceTree = "<group>"; };
		DE6B03B7201B2627002BFE85 /* ASWUserInfoGetParser.swift */ = {isa = PBXFileReference; lastKnownFileType = sourcecode.swift; path = ASWUserInfoGetParser.swift; sourceTree = "<group>"; };
		DE6B03B9201B263B002BFE85 /* ASWUserInfoGetRequest.swift */ = {isa = PBXFileReference; lastKnownFileType = sourcecode.swift; path = ASWUserInfoGetRequest.swift; sourceTree = "<group>"; };
		DE6D6077203DA984003D97B7 /* ASWCalendarRacesParser.swift */ = {isa = PBXFileReference; lastKnownFileType = sourcecode.swift; path = ASWCalendarRacesParser.swift; sourceTree = "<group>"; };
		DE6D6079203DA9F9003D97B7 /* ASWCalendarRacesRequest.swift */ = {isa = PBXFileReference; lastKnownFileType = sourcecode.swift; path = ASWCalendarRacesRequest.swift; sourceTree = "<group>"; };
		DE7D180220089D7A00156FDA /* ASWViewControllersManager.swift */ = {isa = PBXFileReference; lastKnownFileType = sourcecode.swift; path = ASWViewControllersManager.swift; sourceTree = "<group>"; };
		DE7D18042008A26900156FDA /* ASWChangePasswordViewController.swift */ = {isa = PBXFileReference; lastKnownFileType = sourcecode.swift; path = ASWChangePasswordViewController.swift; sourceTree = "<group>"; };
		DEA11E5B203C5E39009EBA26 /* ASWErrorView.xib */ = {isa = PBXFileReference; lastKnownFileType = file.xib; path = ASWErrorView.xib; sourceTree = "<group>"; };
		DEA11E5D203C5F25009EBA26 /* ASWErrorView.swift */ = {isa = PBXFileReference; lastKnownFileType = sourcecode.swift; path = ASWErrorView.swift; sourceTree = "<group>"; };
		DEA11E5F203C77B0009EBA26 /* UIView+ShowASWErrorView.swift */ = {isa = PBXFileReference; lastKnownFileType = sourcecode.swift; path = "UIView+ShowASWErrorView.swift"; sourceTree = "<group>"; };
		DEA11E67203D4C7E009EBA26 /* UIAplication+Version.swift */ = {isa = PBXFileReference; lastKnownFileType = sourcecode.swift; path = "UIAplication+Version.swift"; sourceTree = "<group>"; };
		DEA11E6C203D7870009EBA26 /* ASWChangeUserInfoViewController.swift */ = {isa = PBXFileReference; lastKnownFileType = sourcecode.swift; path = ASWChangeUserInfoViewController.swift; sourceTree = "<group>"; };
		DEDC453720073D2D00AE5B72 /* ASWActionTypeCollectionViewDataSource.swift */ = {isa = PBXFileReference; fileEncoding = 4; lastKnownFileType = sourcecode.swift; path = ASWActionTypeCollectionViewDataSource.swift; sourceTree = "<group>"; };
		DEDC453820073D2D00AE5B72 /* ASWRaceCategoryCollectionViewDataSource.swift */ = {isa = PBXFileReference; fileEncoding = 4; lastKnownFileType = sourcecode.swift; path = ASWRaceCategoryCollectionViewDataSource.swift; sourceTree = "<group>"; };
		DEDC453920073D2E00AE5B72 /* ASWSportTypeCollectionViewDataSource.swift */ = {isa = PBXFileReference; fileEncoding = 4; lastKnownFileType = sourcecode.swift; path = ASWSportTypeCollectionViewDataSource.swift; sourceTree = "<group>"; };
		DEDC453D20073D3F00AE5B72 /* ASWRegisterAccountViewController.swift */ = {isa = PBXFileReference; fileEncoding = 4; lastKnownFileType = sourcecode.swift; path = ASWRegisterAccountViewController.swift; sourceTree = "<group>"; };
		DEDC45422007404200AE5B72 /* UILabel+LineCounter.swift */ = {isa = PBXFileReference; fileEncoding = 4; lastKnownFileType = sourcecode.swift; path = "UILabel+LineCounter.swift"; sourceTree = "<group>"; };
		DEDC45442007405500AE5B72 /* ASWAtributedString.swift */ = {isa = PBXFileReference; fileEncoding = 4; lastKnownFileType = sourcecode.swift; path = ASWAtributedString.swift; sourceTree = "<group>"; };
		DEDC45452007405500AE5B72 /* ASWButtonManager.swift */ = {isa = PBXFileReference; fileEncoding = 4; lastKnownFileType = sourcecode.swift; path = ASWButtonManager.swift; sourceTree = "<group>"; };
		DEDC45482007408400AE5B72 /* ASWAuthParsers.swift */ = {isa = PBXFileReference; fileEncoding = 4; lastKnownFileType = sourcecode.swift; path = ASWAuthParsers.swift; sourceTree = "<group>"; };
		DEDC454A200740E800AE5B72 /* ASWRaceCategoryEntity.swift */ = {isa = PBXFileReference; fileEncoding = 4; lastKnownFileType = sourcecode.swift; path = ASWRaceCategoryEntity.swift; sourceTree = "<group>"; };
		DEDC454B200740E800AE5B72 /* ASWRegionEntity.swift */ = {isa = PBXFileReference; fileEncoding = 4; lastKnownFileType = sourcecode.swift; path = ASWRegionEntity.swift; sourceTree = "<group>"; };
		DEDC454E2007415400AE5B72 /* ASWLoginRequest.swift */ = {isa = PBXFileReference; fileEncoding = 4; lastKnownFileType = sourcecode.swift; path = ASWLoginRequest.swift; sourceTree = "<group>"; };
		DEDC454F2007415400AE5B72 /* ASWSignupRequest.swift */ = {isa = PBXFileReference; fileEncoding = 4; lastKnownFileType = sourcecode.swift; path = ASWSignupRequest.swift; sourceTree = "<group>"; };
		DEF487B71FF0E282008318BC /* ASWAboutAppViewController.swift */ = {isa = PBXFileReference; fileEncoding = 4; lastKnownFileType = sourcecode.swift; path = ASWAboutAppViewController.swift; sourceTree = "<group>"; };
		DEF487B81FF0E282008318BC /* ASWDevelopersViewController.swift */ = {isa = PBXFileReference; fileEncoding = 4; lastKnownFileType = sourcecode.swift; path = ASWDevelopersViewController.swift; sourceTree = "<group>"; };
		DEF487BB1FF0E28F008318BC /* AboutApp.storyboard */ = {isa = PBXFileReference; fileEncoding = 4; lastKnownFileType = file.storyboard; path = AboutApp.storyboard; sourceTree = "<group>"; };
/* End PBXFileReference section */

/* Begin PBXFrameworksBuildPhase section */
		CA323B201F379ADA007157D4 /* Frameworks */ = {
			isa = PBXFrameworksBuildPhase;
			buildActionMask = 2147483647;
			files = (
				AFEEC950AFA4001BAAD0C1EF /* Pods_AutoSportWorld.framework in Frameworks */,
			);
			runOnlyForDeploymentPostprocessing = 0;
		};
/* End PBXFrameworksBuildPhase section */

/* Begin PBXGroup section */
		1E9B87AEE2DE5A10819666EE /* Frameworks */ = {
			isa = PBXGroup;
			children = (
				0E92BF53B654759E4506E36A /* Pods_AutoSportWorld.framework */,
			);
			name = Frameworks;
			sourceTree = "<group>";
		};
		75BCFFB2038325B7E428B6E9 /* Pods */ = {
			isa = PBXGroup;
			children = (
				0B6411D19C7BC90CE2D8272C /* Pods-AutoSportWorld.debug.xcconfig */,
				6101D1ECC7B854873C0FFD98 /* Pods-AutoSportWorld.release.xcconfig */,
			);
			name = Pods;
			sourceTree = "<group>";
		};
		CA04AB011FFB74FD00F1ACC3 /* DatabaseModels */ = {
			isa = PBXGroup;
			children = (
				DEDC454A200740E800AE5B72 /* ASWRaceCategoryEntity.swift */,
				DEDC454B200740E800AE5B72 /* ASWRegionEntity.swift */,
				CA2BB60B1FFB7663000C746A /* ASWUserEntity.swift */,
				CA3ED32A1FFC21830026DBA6 /* ASWRaceEntity.swift */,
			);
			path = DatabaseModels;
			sourceTree = "<group>";
		};
		CA0D217E1FEDB83200CF42FF /* Network */ = {
			isa = PBXGroup;
			children = (
				CA51D6551FE6D0AC00018CE9 /* ASWNetworkManager.swift */,
				CA3ED3281FFBEBCA0026DBA6 /* ASWImageDownloader.swift */,
				CA51D65A1FE6D42D00018CE9 /* Parsers */,
				CA51D65B1FE6D43300018CE9 /* Requests */,
				CAC3DC592044930200EE4F50 /* TokenService.swift */,
			);
			name = Network;
			sourceTree = "<group>";
		};
		CA0D21931FEEBEA300CF42FF /* Xibs */ = {
			isa = PBXGroup;
			children = (
				DE31D5221FF0EDF60055AFF0 /* ASWLoginPasswordTextField.xib */,
				CA0D21901FEEB92E00CF42FF /* ASWFiltersViewController.xib */,
				CA2BB60E1FFB905B000C746A /* ASWEventViewController.xib */,
				CA159CB31FFD98FB00A501F4 /* ASWFullImageViewController.xib */,
				CAD382FD1FFDB421000B4242 /* ASWWebViewController.xib */,
				DEA11E5B203C5E39009EBA26 /* ASWErrorView.xib */,
			);
			name = Xibs;
			sourceTree = "<group>";
		};
		CA323B1A1F379ADA007157D4 = {
			isa = PBXGroup;
			children = (
				CA323B251F379ADA007157D4 /* AutoSportWorld */,
				CA323B241F379ADA007157D4 /* Products */,
				75BCFFB2038325B7E428B6E9 /* Pods */,
				1E9B87AEE2DE5A10819666EE /* Frameworks */,
			);
			sourceTree = "<group>";
		};
		CA323B241F379ADA007157D4 /* Products */ = {
			isa = PBXGroup;
			children = (
				CA323B231F379ADA007157D4 /* AutoSportWorld.app */,
			);
			name = Products;
			sourceTree = "<group>";
		};
		CA323B251F379ADA007157D4 /* AutoSportWorld */ = {
			isa = PBXGroup;
			children = (
				CAE4E84B1F43A6160023CE25 /* DataSources */,
				CA3710A61F37AD9F003578E5 /* Controllers */,
				CA3710AC1F37B530003578E5 /* Models */,
				CA3710AB1F37B528003578E5 /* Views */,
				CA3710AE1F37B5C9003578E5 /* Helpers */,
				CA3710AD1F37B535003578E5 /* Extensions  */,
				CA3710AF1F37B5DB003578E5 /* Supporting Files */,
			);
			path = AutoSportWorld;
			sourceTree = "<group>";
		};
		CA3710A61F37AD9F003578E5 /* Controllers */ = {
			isa = PBXGroup;
			children = (
				DE41F3302039A33D00E63497 /* UIViewControllerWithActivityIndicator.swift */,
				DEDC453D20073D3F00AE5B72 /* ASWRegisterAccountViewController.swift */,
				DE31D5261FF0EE130055AFF0 /* ASWLoginViaEmailViewController.swift */,
				DEF487B71FF0E282008318BC /* ASWAboutAppViewController.swift */,
				DEF487B81FF0E282008318BC /* ASWDevelopersViewController.swift */,
				CA584CDB1F4844220011E653 /* ASWCalendarViewController.swift */,
				CA3710B81F37C94E003578E5 /* ASWSettingsViewController.swift */,
				CACB58461F3E06FA007E8E0B /* ASWMyEventsViewController.swift */,
				CACB58561F3F3F93007E8E0B /* ASWChangeRegionsViewController.swift */,
				CAE4E84C1F43AAFB0023CE25 /* ASWCollectionViewController.swift */,
				CAC70E5E1F4656D50098470F /* ASWMapViewController.swift */,
				CA27FFDA1F47404F00E0BD78 /* ASWRegistrationViewController.swift */,
				CA76A6B01F49E7AA005EA4E7 /* ASWFeedViewController.swift */,
				CAB4EA4A1F50EE2700C35BE6 /* ASWLogInViewController.swift */,
				CA7150321FE5D8810058B522 /* ASWProfileViewController.swift */,
				CA0D218F1FEEB92E00CF42FF /* ASWFiltersViewController.swift */,
				CA2BB60D1FFB905B000C746A /* ASWEventViewController.swift */,
				CA3ED32E1FFD11840026DBA6 /* ASWFavoriteViewController.swift */,
				CA159CB21FFD98FB00A501F4 /* ASWFullImageViewController.swift */,
				CAD382FC1FFDB421000B4242 /* ASWWebViewController.swift */,
				DE7D18042008A26900156FDA /* ASWChangePasswordViewController.swift */,
				DEA11E6C203D7870009EBA26 /* ASWChangeUserInfoViewController.swift */,
			);
			name = Controllers;
			sourceTree = "<group>";
		};
		CA3710AB1F37B528003578E5 /* Views */ = {
			isa = PBXGroup;
			children = (
				CA3B2EF61F45FE02003ED926 /* View */,
				CA8C00411F39BB26005CF27E /* Storyboards */,
				CA3710C01F37D78B003578E5 /* Cells */,
			);
			name = Views;
			sourceTree = "<group>";
		};
		CA3710AC1F37B530003578E5 /* Models */ = {
			isa = PBXGroup;
			children = (
				CA8D11B41FFD14540009C4FF /* ViewControllersModel */,
				CA04AB011FFB74FD00F1ACC3 /* DatabaseModels */,
				CA51D6601FE6E30C00018CE9 /* NetworkModels */,
				CA83978E1F441BCC00000553 /* ASWCollectionItem.swift */,
				CA9CCA351F51626D006494EB /* ASWEvent.swift */,
			);
			name = Models;
			sourceTree = "<group>";
		};
		CA3710AD1F37B535003578E5 /* Extensions  */ = {
			isa = PBXGroup;
			children = (
				DEDC45422007404200AE5B72 /* UILabel+LineCounter.swift */,
				CA3710B01F37B72A003578E5 /* UIColor+ASWColors.swift */,
				CA3710B61F37C357003578E5 /* UIImage+ASWImages.swift */,
				CA51D6691FE72F5500018CE9 /* NotificationRouter.swift */,
				DE153DFA202190C0009E8CC1 /* UIViewController+HideKeyboard.swift */,
				DE41F3322039A59400E63497 /* IUViewController+NavBarSetup.swift */,
				DEA11E5F203C77B0009EBA26 /* UIView+ShowASWErrorView.swift */,
				DEA11E67203D4C7E009EBA26 /* UIAplication+Version.swift */,
				CAC3DC5520447A8E00EE4F50 /* UIViewController+MainScreen.swift */,
			);
			name = "Extensions ";
			sourceTree = "<group>";
		};
		CA3710AE1F37B5C9003578E5 /* Helpers */ = {
			isa = PBXGroup;
			children = (
				DEDC45442007405500AE5B72 /* ASWAtributedString.swift */,
				DEDC45452007405500AE5B72 /* ASWButtonManager.swift */,
				CA0D217E1FEDB83200CF42FF /* Network */,
				CA584CDD1F48856F0011E653 /* Validators */,
				CACB58401F3DE03E007E8E0B /* ASWSegueRouter.swift */,
				CA25D85E1F5090E700D65B26 /* ASWAnimationManager.swift */,
				CA04AAF31FFAC45500F1ACC3 /* ASWFilterService.swift */,
				CA04AAFF1FFB74EA00F1ACC3 /* ASWDatabaseManager.swift */,
				DE7D180220089D7A00156FDA /* ASWViewControllersManager.swift */,
				DE4A2C77203ADBF700AE800C /* ASWAlertPresenter.swift */,
				CA8342452046A75A0089B34B /* ModalIndicator.swift */,
			);
			name = Helpers;
			sourceTree = "<group>";
		};
		CA3710AF1F37B5DB003578E5 /* Supporting Files */ = {
			isa = PBXGroup;
			children = (
				CA323B261F379ADA007157D4 /* AppDelegate.swift */,
				CA323B2D1F379ADA007157D4 /* Assets.xcassets */,
				CA323B321F379ADA007157D4 /* Info.plist */,
			);
			name = "Supporting Files";
			sourceTree = "<group>";
		};
		CA3710C01F37D78B003578E5 /* Cells */ = {
			isa = PBXGroup;
			children = (
				CA584CD71F48440D0011E653 /* ASWRaceTypeCell.swift */,
				CA584CD81F48440D0011E653 /* ASWRaceTypeCell.xib */,
				CA3710BA1F37D262003578E5 /* ASWSettingsUserDataCell.swift */,
				CA3710BC1F37D6F2003578E5 /* ASWSettingsSocialNetworkCell.swift */,
				CA3710BE1F37D70A003578E5 /* ASWSettingsFilterCell.swift */,
				CACB58421F3DFC12007E8E0B /* ASWEventCell.swift */,
				CACB58431F3DFC12007E8E0B /* ASWEventCell.xib */,
				CACB584E1F3E8068007E8E0B /* ASWSpacingCell.swift */,
				CACB584F1F3E8068007E8E0B /* ASWSpacingCell.xib */,
				CACB58521F3F3CF0007E8E0B /* ASWRegionCell.swift */,
				CACB58531F3F3CF0007E8E0B /* ASWRegionCell.xib */,
				CAC70E601F4701E60098470F /* ASWMapAndCalendarCell.swift */,
				CAC70E611F4701E60098470F /* ASWMapAndCalendarCell.xib */,
				CA04AAF71FFAD4F900F1ACC3 /* ASWFilterCell.swift */,
				CA04AAF81FFAD4F900F1ACC3 /* ASWFilterCell.xib */,
			);
			name = Cells;
			sourceTree = "<group>";
		};
		CA3B2EF61F45FE02003ED926 /* View */ = {
			isa = PBXGroup;
			children = (
				CA0D21931FEEBEA300CF42FF /* Xibs */,
				CA3710B21F37BC86003578E5 /* ASWBackBarButtonItem.swift */,
				DE31D5241FF0EE010055AFF0 /* ASWLoginPasswordTextField.swift */,
				CACB58581F3F9680007E8E0B /* ASWCollectionReusableView.swift */,
				CA25D8601F50954D00D65B26 /* ASWTabBarController.swift */,
				CA04AAFD1FFAE8A600F1ACC3 /* ASWNavigationItem.swift */,
				DEA11E5D203C5F25009EBA26 /* ASWErrorView.swift */,
			);
			name = View;
			sourceTree = "<group>";
		};
		CA51D65A1FE6D42D00018CE9 /* Parsers */ = {
			isa = PBXGroup;
			children = (
				DEDC45482007408400AE5B72 /* ASWAuthParsers.swift */,
				CA51D6671FE718A300018CE9 /* ASWListRacesParser.swift */,
				CA0D217F1FEDB8E100CF42FF /* ASWRaceParser.swift */,
				CA0D21811FEDBCD100CF42FF /* ASWGetRaceParser.swift */,
				CA0D21831FEDBDC900CF42FF /* ASWListRegionsParser.swift */,
				CA0D21851FEDC08700CF42FF /* ASWListCategoryParser.swift */,
				DE6B03B3201B2258002BFE85 /* ASWUserInfoSendParser.swift */,
				DE6B03B7201B2627002BFE85 /* ASWUserInfoGetParser.swift */,
				DE6D6077203DA984003D97B7 /* ASWCalendarRacesParser.swift */,
			);
			name = Parsers;
			sourceTree = "<group>";
		};
		CA51D65B1FE6D43300018CE9 /* Requests */ = {
			isa = PBXGroup;
			children = (
				DEDC454E2007415400AE5B72 /* ASWLoginRequest.swift */,
				DEDC454F2007415400AE5B72 /* ASWSignupRequest.swift */,
				CA51D65C1FE6D77F00018CE9 /* ASWRequest.swift */,
				CA51D65E1FE6D86400018CE9 /* ASWListRacesRequest.swift */,
				CA0D217C1FEDB73300CF42FF /* ASWRaceRequest.swift */,
				CA0D21871FEDC1DB00CF42FF /* ASWRegionsRequest.swift */,
				CA0D21891FEDC26300CF42FF /* ASWCategoriesRequest.swift */,
				DE6B03B1201AFBF3002BFE85 /* ASWValidateLoginRequest.swift */,
				DE6B03B5201B22A6002BFE85 /* ASWUserInfoSendRequest.swift */,
				DE6B03B9201B263B002BFE85 /* ASWUserInfoGetRequest.swift */,
				DE6D6079203DA9F9003D97B7 /* ASWCalendarRacesRequest.swift */,
				CAC3DC572044907000EE4F50 /* ASWLikeRequest.swift */,
			);
			path = Requests;
			sourceTree = "<group>";
		};
		CA51D6601FE6E30C00018CE9 /* NetworkModels */ = {
			isa = PBXGroup;
			children = (
				CA51D6611FE6E33800018CE9 /* ASWRace.swift */,
				CA51D6631FE6E9C000018CE9 /* ASWRaceRegion.swift */,
				CA51D6651FE6EA5800018CE9 /* ASWRaceCategory.swift */,
			);
			path = NetworkModels;
			sourceTree = "<group>";
		};
		CA584CDD1F48856F0011E653 /* Validators */ = {
			isa = PBXGroup;
			children = (
				CA584CDE1F4886990011E653 /* ASWEmailValidator.swift */,
				CA584CE01F48AD5D0011E653 /* ASWNameValidator.swift */,
				CA584CE21F48ADB30011E653 /* ASWPasswordValidator.swift */,
			);
			name = Validators;
			sourceTree = "<group>";
		};
		CA8C00411F39BB26005CF27E /* Storyboards */ = {
			isa = PBXGroup;
			children = (
				DEF487BB1FF0E28F008318BC /* AboutApp.storyboard */,
				CA584CD11F4843A30011E653 /* Calendar.storyboard */,
				CA584CD21F4843A30011E653 /* LauchScreenStoryboard.storyboard */,
				CA584CD31F4843A30011E653 /* Registration.storyboard */,
				CA323B2A1F379ADA007157D4 /* Main.storyboard */,
				CA8C003F1F39BAEF005CF27E /* Profile.storyboard */,
			);
			name = Storyboards;
			sourceTree = "<group>";
		};
		CA8D11B41FFD14540009C4FF /* ViewControllersModel */ = {
			isa = PBXGroup;
			children = (
				CAF38FAD1FE6C90100535C43 /* ASWFeedModel.swift */,
				CA04AAF51FFAC46F00F1ACC3 /* ASWFiltersModel.swift */,
				CA8D11B51FFD14710009C4FF /* ASWFavoriteModel.swift */,
				CA25D5F7202528CC00FF8B88 /* ASWEventModel.swift */,
			);
			path = ViewControllersModel;
			sourceTree = "<group>";
		};
		CAE4E84B1F43A6160023CE25 /* DataSources */ = {
			isa = PBXGroup;
			children = (
				DEDC453720073D2D00AE5B72 /* ASWActionTypeCollectionViewDataSource.swift */,
				DEDC453820073D2D00AE5B72 /* ASWRaceCategoryCollectionViewDataSource.swift */,
				DEDC453920073D2E00AE5B72 /* ASWSportTypeCollectionViewDataSource.swift */,
				CAE4E84E1F43AC3C0023CE25 /* ASWCollectionViewDataSource.swift */,
				CA83978A1F43B5CF00000553 /* ASWRegionsCollectionViewDataSource.swift */,
			);
			name = DataSources;
			sourceTree = "<group>";
		};
/* End PBXGroup section */

/* Begin PBXNativeTarget section */
		CA323B221F379ADA007157D4 /* AutoSportWorld */ = {
			isa = PBXNativeTarget;
			buildConfigurationList = CA323B351F379ADA007157D4 /* Build configuration list for PBXNativeTarget "AutoSportWorld" */;
			buildPhases = (
				2564AF6682FF214C4BF575DF /* [CP] Check Pods Manifest.lock */,
				CA323B1F1F379ADA007157D4 /* Sources */,
				CA323B201F379ADA007157D4 /* Frameworks */,
				CA323B211F379ADA007157D4 /* Resources */,
				ACDDBB448B58AD1F3544854A /* [CP] Embed Pods Frameworks */,
				932F1E32FCFAF1A97BD0016A /* [CP] Copy Pods Resources */,
			);
			buildRules = (
			);
			dependencies = (
			);
			name = AutoSportWorld;
			productName = AutoSportWorld;
			productReference = CA323B231F379ADA007157D4 /* AutoSportWorld.app */;
			productType = "com.apple.product-type.application";
		};
/* End PBXNativeTarget section */

/* Begin PBXProject section */
		CA323B1B1F379ADA007157D4 /* Project object */ = {
			isa = PBXProject;
			attributes = {
				LastSwiftUpdateCheck = 0830;
				LastUpgradeCheck = 0920;
				ORGANIZATIONNAME = "Кирилл Володин";
				TargetAttributes = {
					CA323B221F379ADA007157D4 = {
						CreatedOnToolsVersion = 8.3.3;
						DevelopmentTeam = BZ5C8942NC;
						LastSwiftMigration = 0920;
						ProvisioningStyle = Automatic;
					};
				};
			};
			buildConfigurationList = CA323B1E1F379ADA007157D4 /* Build configuration list for PBXProject "AutoSportWorld" */;
			compatibilityVersion = "Xcode 3.2";
			developmentRegion = English;
			hasScannedForEncodings = 0;
			knownRegions = (
				en,
				Base,
			);
			mainGroup = CA323B1A1F379ADA007157D4;
			productRefGroup = CA323B241F379ADA007157D4 /* Products */;
			projectDirPath = "";
			projectRoot = "";
			targets = (
				CA323B221F379ADA007157D4 /* AutoSportWorld */,
			);
		};
/* End PBXProject section */

/* Begin PBXResourcesBuildPhase section */
		CA323B211F379ADA007157D4 /* Resources */ = {
			isa = PBXResourcesBuildPhase;
			buildActionMask = 2147483647;
			files = (
				CA584CD41F4843A30011E653 /* Calendar.storyboard in Resources */,
				DEF487BC1FF0E290008318BC /* AboutApp.storyboard in Resources */,
				CAC70E631F4701E60098470F /* ASWMapAndCalendarCell.xib in Resources */,
				CA584CD61F4843A30011E653 /* Registration.storyboard in Resources */,
				CA323B2E1F379ADA007157D4 /* Assets.xcassets in Resources */,
				CA584CD51F4843A30011E653 /* LauchScreenStoryboard.storyboard in Resources */,
				CA04AAFA1FFAD4F900F1ACC3 /* ASWFilterCell.xib in Resources */,
				CA2BB6101FFB905B000C746A /* ASWEventViewController.xib in Resources */,
				CA323B2C1F379ADA007157D4 /* Main.storyboard in Resources */,
				CACB58511F3E8068007E8E0B /* ASWSpacingCell.xib in Resources */,
				CACB58551F3F3CF0007E8E0B /* ASWRegionCell.xib in Resources */,
				CAD382FF1FFDB421000B4242 /* ASWWebViewController.xib in Resources */,
				DEA11E5C203C5E39009EBA26 /* ASWErrorView.xib in Resources */,
				CA0D21921FEEB92E00CF42FF /* ASWFiltersViewController.xib in Resources */,
				DE31D5231FF0EDF60055AFF0 /* ASWLoginPasswordTextField.xib in Resources */,
				CACB58451F3DFC12007E8E0B /* ASWEventCell.xib in Resources */,
				CA159CB51FFD98FB00A501F4 /* ASWFullImageViewController.xib in Resources */,
				CA584CDA1F48440D0011E653 /* ASWRaceTypeCell.xib in Resources */,
				CA8C00401F39BAEF005CF27E /* Profile.storyboard in Resources */,
			);
			runOnlyForDeploymentPostprocessing = 0;
		};
/* End PBXResourcesBuildPhase section */

/* Begin PBXShellScriptBuildPhase section */
		2564AF6682FF214C4BF575DF /* [CP] Check Pods Manifest.lock */ = {
			isa = PBXShellScriptBuildPhase;
			buildActionMask = 2147483647;
			files = (
			);
			inputPaths = (
				"${PODS_PODFILE_DIR_PATH}/Podfile.lock",
				"${PODS_ROOT}/Manifest.lock",
			);
			name = "[CP] Check Pods Manifest.lock";
			outputPaths = (
				"$(DERIVED_FILE_DIR)/Pods-AutoSportWorld-checkManifestLockResult.txt",
			);
			runOnlyForDeploymentPostprocessing = 0;
			shellPath = /bin/sh;
			shellScript = "diff \"${PODS_PODFILE_DIR_PATH}/Podfile.lock\" \"${PODS_ROOT}/Manifest.lock\" > /dev/null\nif [ $? != 0 ] ; then\n    # print error to STDERR\n    echo \"error: The sandbox is not in sync with the Podfile.lock. Run 'pod install' or update your CocoaPods installation.\" >&2\n    exit 1\nfi\n# This output is used by Xcode 'outputs' to avoid re-running this script phase.\necho \"SUCCESS\" > \"${SCRIPT_OUTPUT_FILE_0}\"\n";
			showEnvVarsInLog = 0;
		};
		932F1E32FCFAF1A97BD0016A /* [CP] Copy Pods Resources */ = {
			isa = PBXShellScriptBuildPhase;
			buildActionMask = 2147483647;
			files = (
			);
			inputPaths = (
				"${SRCROOT}/Pods/Target Support Files/Pods-AutoSportWorld/Pods-AutoSportWorld-resources.sh",
				"${PODS_ROOT}/GoogleMaps/Maps/Frameworks/GoogleMaps.framework/Resources/GoogleMaps.bundle",
				"${PODS_ROOT}/GooglePlaces/Frameworks/GooglePlaces.framework/Resources/GooglePlaces.bundle",
			);
			name = "[CP] Copy Pods Resources";
			outputPaths = (
				"${TARGET_BUILD_DIR}/${UNLOCALIZED_RESOURCES_FOLDER_PATH}/GoogleMaps.bundle",
				"${TARGET_BUILD_DIR}/${UNLOCALIZED_RESOURCES_FOLDER_PATH}/GooglePlaces.bundle",
			);
			runOnlyForDeploymentPostprocessing = 0;
			shellPath = /bin/sh;
			shellScript = "\"${SRCROOT}/Pods/Target Support Files/Pods-AutoSportWorld/Pods-AutoSportWorld-resources.sh\"\n";
			showEnvVarsInLog = 0;
		};
		ACDDBB448B58AD1F3544854A /* [CP] Embed Pods Frameworks */ = {
			isa = PBXShellScriptBuildPhase;
			buildActionMask = 2147483647;
			files = (
			);
			inputPaths = (
				"${SRCROOT}/Pods/Target Support Files/Pods-AutoSportWorld/Pods-AutoSportWorld-frameworks.sh",
				"${BUILT_PRODUCTS_DIR}/Alamofire/Alamofire.framework",
				"${BUILT_PRODUCTS_DIR}/Bolts/Bolts.framework",
				"${BUILT_PRODUCTS_DIR}/FBSDKCoreKit/FBSDKCoreKit.framework",
				"${BUILT_PRODUCTS_DIR}/FBSDKLoginKit/FBSDKLoginKit.framework",
				"${BUILT_PRODUCTS_DIR}/FSCalendar/FSCalendar.framework",
				"${BUILT_PRODUCTS_DIR}/FacebookCore/FacebookCore.framework",
				"${BUILT_PRODUCTS_DIR}/FacebookLogin/FacebookLogin.framework",
				"${BUILT_PRODUCTS_DIR}/Kingfisher/Kingfisher.framework",
				"${BUILT_PRODUCTS_DIR}/Realm/Realm.framework",
				"${BUILT_PRODUCTS_DIR}/RealmSwift/RealmSwift.framework",
				"${BUILT_PRODUCTS_DIR}/SkyFloatingLabelTextField/SkyFloatingLabelTextField.framework",
				"${BUILT_PRODUCTS_DIR}/SwiftyJSON/SwiftyJSON.framework",
				"${BUILT_PRODUCTS_DIR}/VK-ios-sdk/VK_ios_sdk.framework",
			);
			name = "[CP] Embed Pods Frameworks";
			outputPaths = (
				"${TARGET_BUILD_DIR}/${FRAMEWORKS_FOLDER_PATH}/Alamofire.framework",
				"${TARGET_BUILD_DIR}/${FRAMEWORKS_FOLDER_PATH}/Bolts.framework",
				"${TARGET_BUILD_DIR}/${FRAMEWORKS_FOLDER_PATH}/FBSDKCoreKit.framework",
				"${TARGET_BUILD_DIR}/${FRAMEWORKS_FOLDER_PATH}/FBSDKLoginKit.framework",
				"${TARGET_BUILD_DIR}/${FRAMEWORKS_FOLDER_PATH}/FSCalendar.framework",
				"${TARGET_BUILD_DIR}/${FRAMEWORKS_FOLDER_PATH}/FacebookCore.framework",
				"${TARGET_BUILD_DIR}/${FRAMEWORKS_FOLDER_PATH}/FacebookLogin.framework",
				"${TARGET_BUILD_DIR}/${FRAMEWORKS_FOLDER_PATH}/Kingfisher.framework",
				"${TARGET_BUILD_DIR}/${FRAMEWORKS_FOLDER_PATH}/Realm.framework",
				"${TARGET_BUILD_DIR}/${FRAMEWORKS_FOLDER_PATH}/RealmSwift.framework",
				"${TARGET_BUILD_DIR}/${FRAMEWORKS_FOLDER_PATH}/SkyFloatingLabelTextField.framework",
				"${TARGET_BUILD_DIR}/${FRAMEWORKS_FOLDER_PATH}/SwiftyJSON.framework",
				"${TARGET_BUILD_DIR}/${FRAMEWORKS_FOLDER_PATH}/VK_ios_sdk.framework",
			);
			runOnlyForDeploymentPostprocessing = 0;
			shellPath = /bin/sh;
			shellScript = "\"${SRCROOT}/Pods/Target Support Files/Pods-AutoSportWorld/Pods-AutoSportWorld-frameworks.sh\"\n";
			showEnvVarsInLog = 0;
		};
/* End PBXShellScriptBuildPhase section */

/* Begin PBXSourcesBuildPhase section */
		CA323B1F1F379ADA007157D4 /* Sources */ = {
			isa = PBXSourcesBuildPhase;
			buildActionMask = 2147483647;
			files = (
				DE41F3332039A59400E63497 /* IUViewController+NavBarSetup.swift in Sources */,
				CA25D5F8202528CC00FF8B88 /* ASWEventModel.swift in Sources */,
				CA3ED3291FFBEBCA0026DBA6 /* ASWImageDownloader.swift in Sources */,
				DEDC45512007415400AE5B72 /* ASWSignupRequest.swift in Sources */,
				CA8342462046A75A0089B34B /* ModalIndicator.swift in Sources */,
				DEDC45472007405500AE5B72 /* ASWButtonManager.swift in Sources */,
				CA04AAFE1FFAE8A600F1ACC3 /* ASWNavigationItem.swift in Sources */,
				DE6B03B6201B22A6002BFE85 /* ASWUserInfoSendRequest.swift in Sources */,
				CA0D21911FEEB92E00CF42FF /* ASWFiltersViewController.swift in Sources */,
				CAC3DC582044907000EE4F50 /* ASWLikeRequest.swift in Sources */,
				DE6B03B4201B2258002BFE85 /* ASWUserInfoSendParser.swift in Sources */,
				CA76A6B11F49E7AA005EA4E7 /* ASWFeedViewController.swift in Sources */,
				CA0D21801FEDB8E100CF42FF /* ASWRaceParser.swift in Sources */,
				DE7D18052008A26900156FDA /* ASWChangePasswordViewController.swift in Sources */,
				DEA11E60203C77B0009EBA26 /* UIView+ShowASWErrorView.swift in Sources */,
				CA51D65D1FE6D77F00018CE9 /* ASWRequest.swift in Sources */,
				DEDC45502007415400AE5B72 /* ASWLoginRequest.swift in Sources */,
				CAC3DC5620447A8E00EE4F50 /* UIViewController+MainScreen.swift in Sources */,
				CACB58411F3DE03E007E8E0B /* ASWSegueRouter.swift in Sources */,
				CA3710BF1F37D70A003578E5 /* ASWSettingsFilterCell.swift in Sources */,
				CA0D21821FEDBCD100CF42FF /* ASWGetRaceParser.swift in Sources */,
				CA2BB60C1FFB7663000C746A /* ASWUserEntity.swift in Sources */,
				DEDC453C20073D2E00AE5B72 /* ASWSportTypeCollectionViewDataSource.swift in Sources */,
				DE31D5251FF0EE010055AFF0 /* ASWLoginPasswordTextField.swift in Sources */,
				CACB58441F3DFC12007E8E0B /* ASWEventCell.swift in Sources */,
				CA25D8611F50954D00D65B26 /* ASWTabBarController.swift in Sources */,
				CACB58541F3F3CF0007E8E0B /* ASWRegionCell.swift in Sources */,
				CA83978F1F441BCC00000553 /* ASWCollectionItem.swift in Sources */,
				DE6D607A203DA9F9003D97B7 /* ASWCalendarRacesRequest.swift in Sources */,
				CA3710B71F37C357003578E5 /* UIImage+ASWImages.swift in Sources */,
				CA0D218A1FEDC26300CF42FF /* ASWCategoriesRequest.swift in Sources */,
				CA3710BB1F37D262003578E5 /* ASWSettingsUserDataCell.swift in Sources */,
				CA7150331FE5D8810058B522 /* ASWProfileViewController.swift in Sources */,
				DEDC45492007408400AE5B72 /* ASWAuthParsers.swift in Sources */,
				CA51D6641FE6E9C000018CE9 /* ASWRaceRegion.swift in Sources */,
				DEDC454C200740E800AE5B72 /* ASWRaceCategoryEntity.swift in Sources */,
				CA3710B11F37B72A003578E5 /* UIColor+ASWColors.swift in Sources */,
				CA584CDC1F4844220011E653 /* ASWCalendarViewController.swift in Sources */,
				DEF487B91FF0E282008318BC /* ASWAboutAppViewController.swift in Sources */,
				DEDC453B20073D2E00AE5B72 /* ASWRaceCategoryCollectionViewDataSource.swift in Sources */,
				CAC70E5F1F4656D50098470F /* ASWMapViewController.swift in Sources */,
				CA04AAF61FFAC46F00F1ACC3 /* ASWFiltersModel.swift in Sources */,
				CA51D66A1FE72F5500018CE9 /* NotificationRouter.swift in Sources */,
				CA51D6621FE6E33800018CE9 /* ASWRace.swift in Sources */,
				DEDC45432007404200AE5B72 /* UILabel+LineCounter.swift in Sources */,
				CAE4E84D1F43AAFB0023CE25 /* ASWCollectionViewController.swift in Sources */,
				CA25D85F1F5090E700D65B26 /* ASWAnimationManager.swift in Sources */,
				DEDC453E20073D4000AE5B72 /* ASWRegisterAccountViewController.swift in Sources */,
				DEA11E6D203D7870009EBA26 /* ASWChangeUserInfoViewController.swift in Sources */,
				CA0D217D1FEDB73300CF42FF /* ASWRaceRequest.swift in Sources */,
				DEF487BA1FF0E282008318BC /* ASWDevelopersViewController.swift in Sources */,
				DEDC453A20073D2E00AE5B72 /* ASWActionTypeCollectionViewDataSource.swift in Sources */,
				CA0D21861FEDC08700CF42FF /* ASWListCategoryParser.swift in Sources */,
				DE6B03B2201AFBF3002BFE85 /* ASWValidateLoginRequest.swift in Sources */,
				CA04AB001FFB74EA00F1ACC3 /* ASWDatabaseManager.swift in Sources */,
				DE6B03BA201B263B002BFE85 /* ASWUserInfoGetRequest.swift in Sources */,
				CA51D65F1FE6D86400018CE9 /* ASWListRacesRequest.swift in Sources */,
				CA04AAF91FFAD4F900F1ACC3 /* ASWFilterCell.swift in Sources */,
				CAD382FE1FFDB421000B4242 /* ASWWebViewController.swift in Sources */,
				DE6D6078203DA984003D97B7 /* ASWCalendarRacesParser.swift in Sources */,
				DE153DFB202190C0009E8CC1 /* UIViewController+HideKeyboard.swift in Sources */,
				DE6B03B8201B2627002BFE85 /* ASWUserInfoGetParser.swift in Sources */,
				CA323B271F379ADA007157D4 /* AppDelegate.swift in Sources */,
				CA3ED32F1FFD11840026DBA6 /* ASWFavoriteViewController.swift in Sources */,
				CAF38FAE1FE6C90100535C43 /* ASWFeedModel.swift in Sources */,
				CA51D6661FE6EA5800018CE9 /* ASWRaceCategory.swift in Sources */,
				DE31D5271FF0EE130055AFF0 /* ASWLoginViaEmailViewController.swift in Sources */,
				DE41F3312039A33D00E63497 /* UIViewControllerWithActivityIndicator.swift in Sources */,
				DEA11E68203D4C7E009EBA26 /* UIAplication+Version.swift in Sources */,
				CA584CE31F48ADB30011E653 /* ASWPasswordValidator.swift in Sources */,
				CA51D6561FE6D0AC00018CE9 /* ASWNetworkManager.swift in Sources */,
				CA0D21881FEDC1DB00CF42FF /* ASWRegionsRequest.swift in Sources */,
				CACB58591F3F9680007E8E0B /* ASWCollectionReusableView.swift in Sources */,
				CA3710BD1F37D6F2003578E5 /* ASWSettingsSocialNetworkCell.swift in Sources */,
				CACB58471F3E06FA007E8E0B /* ASWMyEventsViewController.swift in Sources */,
				CA8D11B61FFD14710009C4FF /* ASWFavoriteModel.swift in Sources */,
				CACB58571F3F3F93007E8E0B /* ASWChangeRegionsViewController.swift in Sources */,
				CA2BB60F1FFB905B000C746A /* ASWEventViewController.swift in Sources */,
				CA51D6681FE718A300018CE9 /* ASWListRacesParser.swift in Sources */,
				CA584CD91F48440D0011E653 /* ASWRaceTypeCell.swift in Sources */,
				DEDC454D200740E800AE5B72 /* ASWRegionEntity.swift in Sources */,
				CA584CE11F48AD5D0011E653 /* ASWNameValidator.swift in Sources */,
				CA3ED32B1FFC21830026DBA6 /* ASWRaceEntity.swift in Sources */,
				CA27FFDB1F47404F00E0BD78 /* ASWRegistrationViewController.swift in Sources */,
				CACB58501F3E8068007E8E0B /* ASWSpacingCell.swift in Sources */,
				DE7D180320089D7A00156FDA /* ASWViewControllersManager.swift in Sources */,
				DE4A2C78203ADBF700AE800C /* ASWAlertPresenter.swift in Sources */,
				CA83978B1F43B5CF00000553 /* ASWRegionsCollectionViewDataSource.swift in Sources */,
				CAB4EA4B1F50EE2700C35BE6 /* ASWLogInViewController.swift in Sources */,
				DEA11E5E203C5F25009EBA26 /* ASWErrorView.swift in Sources */,
				CA584CDF1F4886990011E653 /* ASWEmailValidator.swift in Sources */,
				CA9CCA361F51626D006494EB /* ASWEvent.swift in Sources */,
				CA0D21841FEDBDC900CF42FF /* ASWListRegionsParser.swift in Sources */,
				CA159CB41FFD98FB00A501F4 /* ASWFullImageViewController.swift in Sources */,
				DEDC45462007405500AE5B72 /* ASWAtributedString.swift in Sources */,
				CAE4E84F1F43AC3C0023CE25 /* ASWCollectionViewDataSource.swift in Sources */,
				CA3710B91F37C94E003578E5 /* ASWSettingsViewController.swift in Sources */,
				CAC70E621F4701E60098470F /* ASWMapAndCalendarCell.swift in Sources */,
				CA3710B31F37BC86003578E5 /* ASWBackBarButtonItem.swift in Sources */,
				CA04AAF41FFAC45500F1ACC3 /* ASWFilterService.swift in Sources */,
				CAC3DC5A2044930200EE4F50 /* TokenService.swift in Sources */,
			);
			runOnlyForDeploymentPostprocessing = 0;
		};
/* End PBXSourcesBuildPhase section */

/* Begin PBXVariantGroup section */
		CA323B2A1F379ADA007157D4 /* Main.storyboard */ = {
			isa = PBXVariantGroup;
			children = (
				CA323B2B1F379ADA007157D4 /* Base */,
			);
			name = Main.storyboard;
			sourceTree = "<group>";
		};
/* End PBXVariantGroup section */

/* Begin XCBuildConfiguration section */
		CA323B331F379ADA007157D4 /* Debug */ = {
			isa = XCBuildConfiguration;
			buildSettings = {
				ALWAYS_SEARCH_USER_PATHS = NO;
				CLANG_ANALYZER_NONNULL = YES;
				CLANG_ANALYZER_NUMBER_OBJECT_CONVERSION = YES_AGGRESSIVE;
				CLANG_CXX_LANGUAGE_STANDARD = "gnu++0x";
				CLANG_CXX_LIBRARY = "libc++";
				CLANG_ENABLE_MODULES = YES;
				CLANG_ENABLE_OBJC_ARC = YES;
				CLANG_WARN_BLOCK_CAPTURE_AUTORELEASING = YES;
				CLANG_WARN_BOOL_CONVERSION = YES;
				CLANG_WARN_COMMA = YES;
				CLANG_WARN_CONSTANT_CONVERSION = YES;
				CLANG_WARN_DIRECT_OBJC_ISA_USAGE = YES_ERROR;
				CLANG_WARN_DOCUMENTATION_COMMENTS = YES;
				CLANG_WARN_EMPTY_BODY = YES;
				CLANG_WARN_ENUM_CONVERSION = YES;
				CLANG_WARN_INFINITE_RECURSION = YES;
				CLANG_WARN_INT_CONVERSION = YES;
				CLANG_WARN_NON_LITERAL_NULL_CONVERSION = YES;
				CLANG_WARN_OBJC_LITERAL_CONVERSION = YES;
				CLANG_WARN_OBJC_ROOT_CLASS = YES_ERROR;
				CLANG_WARN_RANGE_LOOP_ANALYSIS = YES;
				CLANG_WARN_STRICT_PROTOTYPES = YES;
				CLANG_WARN_SUSPICIOUS_MOVE = YES;
				CLANG_WARN_UNREACHABLE_CODE = YES;
				CLANG_WARN__DUPLICATE_METHOD_MATCH = YES;
				"CODE_SIGN_IDENTITY[sdk=iphoneos*]" = "iPhone Developer";
				COPY_PHASE_STRIP = NO;
				DEBUG_INFORMATION_FORMAT = dwarf;
				ENABLE_STRICT_OBJC_MSGSEND = YES;
				ENABLE_TESTABILITY = YES;
				GCC_C_LANGUAGE_STANDARD = gnu99;
				GCC_DYNAMIC_NO_PIC = NO;
				GCC_NO_COMMON_BLOCKS = YES;
				GCC_OPTIMIZATION_LEVEL = 0;
				GCC_PREPROCESSOR_DEFINITIONS = (
					"DEBUG=1",
					"$(inherited)",
				);
				GCC_WARN_64_TO_32_BIT_CONVERSION = YES;
				GCC_WARN_ABOUT_RETURN_TYPE = YES_ERROR;
				GCC_WARN_UNDECLARED_SELECTOR = YES;
				GCC_WARN_UNINITIALIZED_AUTOS = YES_AGGRESSIVE;
				GCC_WARN_UNUSED_FUNCTION = YES;
				GCC_WARN_UNUSED_VARIABLE = YES;
				IPHONEOS_DEPLOYMENT_TARGET = 10.0;
				MTL_ENABLE_DEBUG_INFO = YES;
				ONLY_ACTIVE_ARCH = YES;
				SDKROOT = iphoneos;
				SWIFT_ACTIVE_COMPILATION_CONDITIONS = DEBUG;
				SWIFT_OPTIMIZATION_LEVEL = "-Onone";
			};
			name = Debug;
		};
		CA323B341F379ADA007157D4 /* Release */ = {
			isa = XCBuildConfiguration;
			buildSettings = {
				ALWAYS_SEARCH_USER_PATHS = NO;
				CLANG_ANALYZER_NONNULL = YES;
				CLANG_ANALYZER_NUMBER_OBJECT_CONVERSION = YES_AGGRESSIVE;
				CLANG_CXX_LANGUAGE_STANDARD = "gnu++0x";
				CLANG_CXX_LIBRARY = "libc++";
				CLANG_ENABLE_MODULES = YES;
				CLANG_ENABLE_OBJC_ARC = YES;
				CLANG_WARN_BLOCK_CAPTURE_AUTORELEASING = YES;
				CLANG_WARN_BOOL_CONVERSION = YES;
				CLANG_WARN_COMMA = YES;
				CLANG_WARN_CONSTANT_CONVERSION = YES;
				CLANG_WARN_DIRECT_OBJC_ISA_USAGE = YES_ERROR;
				CLANG_WARN_DOCUMENTATION_COMMENTS = YES;
				CLANG_WARN_EMPTY_BODY = YES;
				CLANG_WARN_ENUM_CONVERSION = YES;
				CLANG_WARN_INFINITE_RECURSION = YES;
				CLANG_WARN_INT_CONVERSION = YES;
				CLANG_WARN_NON_LITERAL_NULL_CONVERSION = YES;
				CLANG_WARN_OBJC_LITERAL_CONVERSION = YES;
				CLANG_WARN_OBJC_ROOT_CLASS = YES_ERROR;
				CLANG_WARN_RANGE_LOOP_ANALYSIS = YES;
				CLANG_WARN_STRICT_PROTOTYPES = YES;
				CLANG_WARN_SUSPICIOUS_MOVE = YES;
				CLANG_WARN_UNREACHABLE_CODE = YES;
				CLANG_WARN__DUPLICATE_METHOD_MATCH = YES;
				"CODE_SIGN_IDENTITY[sdk=iphoneos*]" = "iPhone Developer";
				COPY_PHASE_STRIP = NO;
				DEBUG_INFORMATION_FORMAT = "dwarf-with-dsym";
				ENABLE_NS_ASSERTIONS = NO;
				ENABLE_STRICT_OBJC_MSGSEND = YES;
				GCC_C_LANGUAGE_STANDARD = gnu99;
				GCC_NO_COMMON_BLOCKS = YES;
				GCC_WARN_64_TO_32_BIT_CONVERSION = YES;
				GCC_WARN_ABOUT_RETURN_TYPE = YES_ERROR;
				GCC_WARN_UNDECLARED_SELECTOR = YES;
				GCC_WARN_UNINITIALIZED_AUTOS = YES_AGGRESSIVE;
				GCC_WARN_UNUSED_FUNCTION = YES;
				GCC_WARN_UNUSED_VARIABLE = YES;
				IPHONEOS_DEPLOYMENT_TARGET = 10.0;
				MTL_ENABLE_DEBUG_INFO = NO;
				SDKROOT = iphoneos;
				SWIFT_OPTIMIZATION_LEVEL = "-Owholemodule";
				VALIDATE_PRODUCT = YES;
			};
			name = Release;
		};
		CA323B361F379ADA007157D4 /* Debug */ = {
			isa = XCBuildConfiguration;
			baseConfigurationReference = 0B6411D19C7BC90CE2D8272C /* Pods-AutoSportWorld.debug.xcconfig */;
			buildSettings = {
				ASSETCATALOG_COMPILER_APPICON_NAME = AppIcon;
				"CODE_SIGN_IDENTITY[sdk=iphoneos*]" = "iPhone Developer";
				DEVELOPMENT_TEAM = BZ5C8942NC;
				INFOPLIST_FILE = AutoSportWorld/Info.plist;
				IPHONEOS_DEPLOYMENT_TARGET = 10.0;
				LD_RUNPATH_SEARCH_PATHS = "$(inherited) @executable_path/Frameworks";
				PRODUCT_BUNDLE_IDENTIFIER = RXProject.AutoSportWorld;
				PRODUCT_NAME = "$(TARGET_NAME)";
				PROVISIONING_PROFILE_SPECIFIER = "";
				SWIFT_SWIFT3_OBJC_INFERENCE = On;
				SWIFT_VERSION = 4.0;
			};
			name = Debug;
		};
		CA323B371F379ADA007157D4 /* Release */ = {
			isa = XCBuildConfiguration;
			baseConfigurationReference = 6101D1ECC7B854873C0FFD98 /* Pods-AutoSportWorld.release.xcconfig */;
			buildSettings = {
				ASSETCATALOG_COMPILER_APPICON_NAME = AppIcon;
				"CODE_SIGN_IDENTITY[sdk=iphoneos*]" = "iPhone Developer";
				DEVELOPMENT_TEAM = BZ5C8942NC;
				INFOPLIST_FILE = AutoSportWorld/Info.plist;
				IPHONEOS_DEPLOYMENT_TARGET = 10.0;
				LD_RUNPATH_SEARCH_PATHS = "$(inherited) @executable_path/Frameworks";
				PRODUCT_BUNDLE_IDENTIFIER = RXProject.AutoSportWorld;
				PRODUCT_NAME = "$(TARGET_NAME)";
				PROVISIONING_PROFILE_SPECIFIER = "";
				SWIFT_SWIFT3_OBJC_INFERENCE = On;
				SWIFT_VERSION = 4.0;
			};
			name = Release;
		};
/* End XCBuildConfiguration section */

/* Begin XCConfigurationList section */
		CA323B1E1F379ADA007157D4 /* Build configuration list for PBXProject "AutoSportWorld" */ = {
			isa = XCConfigurationList;
			buildConfigurations = (
				CA323B331F379ADA007157D4 /* Debug */,
				CA323B341F379ADA007157D4 /* Release */,
			);
			defaultConfigurationIsVisible = 0;
			defaultConfigurationName = Release;
		};
		CA323B351F379ADA007157D4 /* Build configuration list for PBXNativeTarget "AutoSportWorld" */ = {
			isa = XCConfigurationList;
			buildConfigurations = (
				CA323B361F379ADA007157D4 /* Debug */,
				CA323B371F379ADA007157D4 /* Release */,
			);
			defaultConfigurationIsVisible = 0;
			defaultConfigurationName = Release;
		};
/* End XCConfigurationList section */
	};
	rootObject = CA323B1B1F379ADA007157D4 /* Project object */;
}
